// !$*UTF8*$!
{
	archiveVersion = 1;
	classes = {
	};
	objectVersion = 46;
	objects = {

/* Begin PBXBuildFile section */
		6552DB361D4B3596001DB5BD /* AppDelegate.swift in Sources */ = {isa = PBXBuildFile; fileRef = 6552DB351D4B3596001DB5BD /* AppDelegate.swift */; };
		6552DB3B1D4B3596001DB5BD /* Main.storyboard in Resources */ = {isa = PBXBuildFile; fileRef = 6552DB391D4B3596001DB5BD /* Main.storyboard */; };
		6552DB3D1D4B3596001DB5BD /* Assets.xcassets in Resources */ = {isa = PBXBuildFile; fileRef = 6552DB3C1D4B3596001DB5BD /* Assets.xcassets */; };
		6552DB401D4B3596001DB5BD /* LaunchScreen.storyboard in Resources */ = {isa = PBXBuildFile; fileRef = 6552DB3E1D4B3596001DB5BD /* LaunchScreen.storyboard */; };
		6552DB4B1D4B3596001DB5BD /* CoolPhotosTests.swift in Sources */ = {isa = PBXBuildFile; fileRef = 6552DB4A1D4B3596001DB5BD /* CoolPhotosTests.swift */; };
		6552DB561D4B3596001DB5BD /* CoolPhotosUITests.swift in Sources */ = {isa = PBXBuildFile; fileRef = 6552DB551D4B3596001DB5BD /* CoolPhotosUITests.swift */; };
		6552DB6D1D4B3886001DB5BD /* blackTheme.bundle in Resources */ = {isa = PBXBuildFile; fileRef = 6552DB6A1D4B3886001DB5BD /* blackTheme.bundle */; };
		6552DB6E1D4B3886001DB5BD /* blueTheme.bundle in Resources */ = {isa = PBXBuildFile; fileRef = 6552DB6B1D4B3886001DB5BD /* blueTheme.bundle */; };
		6552DB7E1D4B39C3001DB5BD /* Constraint.swift in Sources */ = {isa = PBXBuildFile; fileRef = 6552DB701D4B39C3001DB5BD /* Constraint.swift */; };
		6552DB7F1D4B39C3001DB5BD /* ConstraintAttributes.swift in Sources */ = {isa = PBXBuildFile; fileRef = 6552DB711D4B39C3001DB5BD /* ConstraintAttributes.swift */; };
		6552DB801D4B39C3001DB5BD /* ConstraintDescription.swift in Sources */ = {isa = PBXBuildFile; fileRef = 6552DB721D4B39C3001DB5BD /* ConstraintDescription.swift */; };
		6552DB811D4B39C3001DB5BD /* ConstraintItem.swift in Sources */ = {isa = PBXBuildFile; fileRef = 6552DB731D4B39C3001DB5BD /* ConstraintItem.swift */; };
		6552DB821D4B39C3001DB5BD /* ConstraintMaker.swift in Sources */ = {isa = PBXBuildFile; fileRef = 6552DB741D4B39C3001DB5BD /* ConstraintMaker.swift */; };
		6552DB831D4B39C3001DB5BD /* ConstraintRelation.swift in Sources */ = {isa = PBXBuildFile; fileRef = 6552DB751D4B39C3001DB5BD /* ConstraintRelation.swift */; };
		6552DB841D4B39C3001DB5BD /* Debugging.swift in Sources */ = {isa = PBXBuildFile; fileRef = 6552DB761D4B39C3001DB5BD /* Debugging.swift */; };
		6552DB851D4B39C3001DB5BD /* EdgeInsets.swift in Sources */ = {isa = PBXBuildFile; fileRef = 6552DB771D4B39C3001DB5BD /* EdgeInsets.swift */; };
		6552DB861D4B39C3001DB5BD /* Info.plist in Resources */ = {isa = PBXBuildFile; fileRef = 6552DB781D4B39C3001DB5BD /* Info.plist */; };
		6552DB871D4B39C3001DB5BD /* LayoutConstraint.swift in Sources */ = {isa = PBXBuildFile; fileRef = 6552DB791D4B39C3001DB5BD /* LayoutConstraint.swift */; };
		6552DB881D4B39C3001DB5BD /* SnapKit.swift in Sources */ = {isa = PBXBuildFile; fileRef = 6552DB7B1D4B39C3001DB5BD /* SnapKit.swift */; };
		6552DB891D4B39C3001DB5BD /* View+SnapKit.swift in Sources */ = {isa = PBXBuildFile; fileRef = 6552DB7C1D4B39C3001DB5BD /* View+SnapKit.swift */; };
		6552DB8A1D4B39C3001DB5BD /* ViewController+SnapKit.swift in Sources */ = {isa = PBXBuildFile; fileRef = 6552DB7D1D4B39C3001DB5BD /* ViewController+SnapKit.swift */; };
		6552DB8C1D4B3A2C001DB5BD /* CPThemeManager.swift in Sources */ = {isa = PBXBuildFile; fileRef = 6552DB8B1D4B3A2C001DB5BD /* CPThemeManager.swift */; };
		657985561D4EE76200BDFD0B /* CPStyle.swift in Sources */ = {isa = PBXBuildFile; fileRef = 657985551D4EE76200BDFD0B /* CPStyle.swift */; };
		658AA47E1D51C35B0077FA3B /* CPHomePageViewController.swift in Sources */ = {isa = PBXBuildFile; fileRef = 658AA47D1D51C35B0077FA3B /* CPHomePageViewController.swift */; };
		65E2787B1D4F4C2800A4AB4E /* CPBaseViewController.swift in Sources */ = {isa = PBXBuildFile; fileRef = 65E2787A1D4F4C2800A4AB4E /* CPBaseViewController.swift */; };
		65E2787D1D4F508F00A4AB4E /* CPObjectExtension.swift in Sources */ = {isa = PBXBuildFile; fileRef = 65E2787C1D4F508F00A4AB4E /* CPObjectExtension.swift */; };
/* End PBXBuildFile section */

/* Begin PBXContainerItemProxy section */
		6552DB471D4B3596001DB5BD /* PBXContainerItemProxy */ = {
			isa = PBXContainerItemProxy;
			containerPortal = 6552DB2A1D4B3596001DB5BD /* Project object */;
			proxyType = 1;
			remoteGlobalIDString = 6552DB311D4B3596001DB5BD;
			remoteInfo = CoolPhotos;
		};
		6552DB521D4B3596001DB5BD /* PBXContainerItemProxy */ = {
			isa = PBXContainerItemProxy;
			containerPortal = 6552DB2A1D4B3596001DB5BD /* Project object */;
			proxyType = 1;
			remoteGlobalIDString = 6552DB311D4B3596001DB5BD;
			remoteInfo = CoolPhotos;
		};
/* End PBXContainerItemProxy section */

/* Begin PBXFileReference section */
		6552DB321D4B3596001DB5BD /* CoolPhotos.app */ = {isa = PBXFileReference; explicitFileType = wrapper.application; includeInIndex = 0; path = CoolPhotos.app; sourceTree = BUILT_PRODUCTS_DIR; };
		6552DB351D4B3596001DB5BD /* AppDelegate.swift */ = {isa = PBXFileReference; lastKnownFileType = sourcecode.swift; path = AppDelegate.swift; sourceTree = "<group>"; };
		6552DB3A1D4B3596001DB5BD /* Base */ = {isa = PBXFileReference; lastKnownFileType = file.storyboard; name = Base; path = Base.lproj/Main.storyboard; sourceTree = "<group>"; };
		6552DB3C1D4B3596001DB5BD /* Assets.xcassets */ = {isa = PBXFileReference; lastKnownFileType = folder.assetcatalog; path = Assets.xcassets; sourceTree = "<group>"; };
		6552DB3F1D4B3596001DB5BD /* Base */ = {isa = PBXFileReference; lastKnownFileType = file.storyboard; name = Base; path = Base.lproj/LaunchScreen.storyboard; sourceTree = "<group>"; };
		6552DB411D4B3596001DB5BD /* Info.plist */ = {isa = PBXFileReference; lastKnownFileType = text.plist.xml; path = Info.plist; sourceTree = "<group>"; };
		6552DB461D4B3596001DB5BD /* CoolPhotosTests.xctest */ = {isa = PBXFileReference; explicitFileType = wrapper.cfbundle; includeInIndex = 0; path = CoolPhotosTests.xctest; sourceTree = BUILT_PRODUCTS_DIR; };
		6552DB4A1D4B3596001DB5BD /* CoolPhotosTests.swift */ = {isa = PBXFileReference; lastKnownFileType = sourcecode.swift; path = CoolPhotosTests.swift; sourceTree = "<group>"; };
		6552DB4C1D4B3596001DB5BD /* Info.plist */ = {isa = PBXFileReference; lastKnownFileType = text.plist.xml; path = Info.plist; sourceTree = "<group>"; };
		6552DB511D4B3596001DB5BD /* CoolPhotosUITests.xctest */ = {isa = PBXFileReference; explicitFileType = wrapper.cfbundle; includeInIndex = 0; path = CoolPhotosUITests.xctest; sourceTree = BUILT_PRODUCTS_DIR; };
		6552DB551D4B3596001DB5BD /* CoolPhotosUITests.swift */ = {isa = PBXFileReference; lastKnownFileType = sourcecode.swift; path = CoolPhotosUITests.swift; sourceTree = "<group>"; };
		6552DB571D4B3596001DB5BD /* Info.plist */ = {isa = PBXFileReference; lastKnownFileType = text.plist.xml; path = Info.plist; sourceTree = "<group>"; };
		6552DB6A1D4B3886001DB5BD /* blackTheme.bundle */ = {isa = PBXFileReference; lastKnownFileType = "wrapper.plug-in"; path = blackTheme.bundle; sourceTree = "<group>"; };
		6552DB6B1D4B3886001DB5BD /* blueTheme.bundle */ = {isa = PBXFileReference; lastKnownFileType = "wrapper.plug-in"; path = blueTheme.bundle; sourceTree = "<group>"; };
		6552DB701D4B39C3001DB5BD /* Constraint.swift */ = {isa = PBXFileReference; fileEncoding = 4; lastKnownFileType = sourcecode.swift; path = Constraint.swift; sourceTree = "<group>"; };
		6552DB711D4B39C3001DB5BD /* ConstraintAttributes.swift */ = {isa = PBXFileReference; fileEncoding = 4; lastKnownFileType = sourcecode.swift; path = ConstraintAttributes.swift; sourceTree = "<group>"; };
		6552DB721D4B39C3001DB5BD /* ConstraintDescription.swift */ = {isa = PBXFileReference; fileEncoding = 4; lastKnownFileType = sourcecode.swift; path = ConstraintDescription.swift; sourceTree = "<group>"; };
		6552DB731D4B39C3001DB5BD /* ConstraintItem.swift */ = {isa = PBXFileReference; fileEncoding = 4; lastKnownFileType = sourcecode.swift; path = ConstraintItem.swift; sourceTree = "<group>"; };
		6552DB741D4B39C3001DB5BD /* ConstraintMaker.swift */ = {isa = PBXFileReference; fileEncoding = 4; lastKnownFileType = sourcecode.swift; path = ConstraintMaker.swift; sourceTree = "<group>"; };
		6552DB751D4B39C3001DB5BD /* ConstraintRelation.swift */ = {isa = PBXFileReference; fileEncoding = 4; lastKnownFileType = sourcecode.swift; path = ConstraintRelation.swift; sourceTree = "<group>"; };
		6552DB761D4B39C3001DB5BD /* Debugging.swift */ = {isa = PBXFileReference; fileEncoding = 4; lastKnownFileType = sourcecode.swift; path = Debugging.swift; sourceTree = "<group>"; };
		6552DB771D4B39C3001DB5BD /* EdgeInsets.swift */ = {isa = PBXFileReference; fileEncoding = 4; lastKnownFileType = sourcecode.swift; path = EdgeInsets.swift; sourceTree = "<group>"; };
		6552DB781D4B39C3001DB5BD /* Info.plist */ = {isa = PBXFileReference; fileEncoding = 4; lastKnownFileType = text.plist.xml; path = Info.plist; sourceTree = "<group>"; };
		6552DB791D4B39C3001DB5BD /* LayoutConstraint.swift */ = {isa = PBXFileReference; fileEncoding = 4; lastKnownFileType = sourcecode.swift; path = LayoutConstraint.swift; sourceTree = "<group>"; };
		6552DB7A1D4B39C3001DB5BD /* SnapKit.h */ = {isa = PBXFileReference; fileEncoding = 4; lastKnownFileType = sourcecode.c.h; path = SnapKit.h; sourceTree = "<group>"; };
		6552DB7B1D4B39C3001DB5BD /* SnapKit.swift */ = {isa = PBXFileReference; fileEncoding = 4; lastKnownFileType = sourcecode.swift; path = SnapKit.swift; sourceTree = "<group>"; };
		6552DB7C1D4B39C3001DB5BD /* View+SnapKit.swift */ = {isa = PBXFileReference; fileEncoding = 4; lastKnownFileType = sourcecode.swift; path = "View+SnapKit.swift"; sourceTree = "<group>"; };
		6552DB7D1D4B39C3001DB5BD /* ViewController+SnapKit.swift */ = {isa = PBXFileReference; fileEncoding = 4; lastKnownFileType = sourcecode.swift; path = "ViewController+SnapKit.swift"; sourceTree = "<group>"; };
		6552DB8B1D4B3A2C001DB5BD /* CPThemeManager.swift */ = {isa = PBXFileReference; fileEncoding = 4; lastKnownFileType = sourcecode.swift; path = CPThemeManager.swift; sourceTree = "<group>"; };
		657985551D4EE76200BDFD0B /* CPStyle.swift */ = {isa = PBXFileReference; fileEncoding = 4; lastKnownFileType = sourcecode.swift; path = CPStyle.swift; sourceTree = "<group>"; };
		658AA47D1D51C35B0077FA3B /* CPHomePageViewController.swift */ = {isa = PBXFileReference; fileEncoding = 4; lastKnownFileType = sourcecode.swift; path = CPHomePageViewController.swift; sourceTree = "<group>"; };
		65E2787A1D4F4C2800A4AB4E /* CPBaseViewController.swift */ = {isa = PBXFileReference; fileEncoding = 4; lastKnownFileType = sourcecode.swift; path = CPBaseViewController.swift; sourceTree = "<group>"; };
		65E2787C1D4F508F00A4AB4E /* CPObjectExtension.swift */ = {isa = PBXFileReference; fileEncoding = 4; lastKnownFileType = sourcecode.swift; path = CPObjectExtension.swift; sourceTree = "<group>"; };
/* End PBXFileReference section */

/* Begin PBXFrameworksBuildPhase section */
		6552DB2F1D4B3596001DB5BD /* Frameworks */ = {
			isa = PBXFrameworksBuildPhase;
			buildActionMask = 2147483647;
			files = (
			);
			runOnlyForDeploymentPostprocessing = 0;
		};
		6552DB431D4B3596001DB5BD /* Frameworks */ = {
			isa = PBXFrameworksBuildPhase;
			buildActionMask = 2147483647;
			files = (
			);
			runOnlyForDeploymentPostprocessing = 0;
		};
		6552DB4E1D4B3596001DB5BD /* Frameworks */ = {
			isa = PBXFrameworksBuildPhase;
			buildActionMask = 2147483647;
			files = (
			);
			runOnlyForDeploymentPostprocessing = 0;
		};
/* End PBXFrameworksBuildPhase section */

/* Begin PBXGroup section */
		6552DB291D4B3596001DB5BD = {
			isa = PBXGroup;
			children = (
				6552DB341D4B3596001DB5BD /* CoolPhotos */,
				6552DB491D4B3596001DB5BD /* CoolPhotosTests */,
				6552DB541D4B3596001DB5BD /* CoolPhotosUITests */,
				6552DB331D4B3596001DB5BD /* Products */,
			);
			sourceTree = "<group>";
		};
		6552DB331D4B3596001DB5BD /* Products */ = {
			isa = PBXGroup;
			children = (
				6552DB321D4B3596001DB5BD /* CoolPhotos.app */,
				6552DB461D4B3596001DB5BD /* CoolPhotosTests.xctest */,
				6552DB511D4B3596001DB5BD /* CoolPhotosUITests.xctest */,
			);
			name = Products;
			sourceTree = "<group>";
		};
		6552DB341D4B3596001DB5BD /* CoolPhotos */ = {
			isa = PBXGroup;
			children = (
				6552DB351D4B3596001DB5BD /* AppDelegate.swift */,
				6552DB631D4B3885001DB5BD /* Common */,
				6552DB6C1D4B3886001DB5BD /* Src */,
				6552DB681D4B3886001DB5BD /* Resources */,
				6552DB391D4B3596001DB5BD /* Main.storyboard */,
				6552DB3C1D4B3596001DB5BD /* Assets.xcassets */,
				6552DB3E1D4B3596001DB5BD /* LaunchScreen.storyboard */,
				6552DB411D4B3596001DB5BD /* Info.plist */,
				6552DB671D4B3885001DB5BD /* Frameworks */,
			);
			path = CoolPhotos;
			sourceTree = "<group>";
		};
		6552DB491D4B3596001DB5BD /* CoolPhotosTests */ = {
			isa = PBXGroup;
			children = (
				6552DB4A1D4B3596001DB5BD /* CoolPhotosTests.swift */,
				6552DB4C1D4B3596001DB5BD /* Info.plist */,
			);
			path = CoolPhotosTests;
			sourceTree = "<group>";
		};
		6552DB541D4B3596001DB5BD /* CoolPhotosUITests */ = {
			isa = PBXGroup;
			children = (
				6552DB551D4B3596001DB5BD /* CoolPhotosUITests.swift */,
				6552DB571D4B3596001DB5BD /* Info.plist */,
			);
			path = CoolPhotosUITests;
			sourceTree = "<group>";
		};
		6552DB631D4B3885001DB5BD /* Common */ = {
			isa = PBXGroup;
			children = (
				65E278791D4F4C0600A4AB4E /* BaseUI */,
				6552DB641D4B3885001DB5BD /* 3rdparty */,
				6552DB651D4B3885001DB5BD /* CPThemeManager */,
				6552DB661D4B3885001DB5BD /* CPTools */,
			);
			path = Common;
			sourceTree = "<group>";
		};
		6552DB641D4B3885001DB5BD /* 3rdparty */ = {
			isa = PBXGroup;
			children = (
				6552DB6F1D4B39C3001DB5BD /* SnapKit */,
			);
			path = 3rdparty;
			sourceTree = "<group>";
		};
		6552DB651D4B3885001DB5BD /* CPThemeManager */ = {
			isa = PBXGroup;
			children = (
				6552DB8B1D4B3A2C001DB5BD /* CPThemeManager.swift */,
				657985551D4EE76200BDFD0B /* CPStyle.swift */,
			);
			path = CPThemeManager;
			sourceTree = "<group>";
		};
		6552DB661D4B3885001DB5BD /* CPTools */ = {
			isa = PBXGroup;
			children = (
				65E2787C1D4F508F00A4AB4E /* CPObjectExtension.swift */,
			);
			path = CPTools;
			sourceTree = "<group>";
		};
		6552DB671D4B3885001DB5BD /* Frameworks */ = {
			isa = PBXGroup;
			children = (
			);
			path = Frameworks;
			sourceTree = "<group>";
		};
		6552DB681D4B3886001DB5BD /* Resources */ = {
			isa = PBXGroup;
			children = (
				6552DB691D4B3886001DB5BD /* Themes */,
			);
			path = Resources;
			sourceTree = "<group>";
		};
		6552DB691D4B3886001DB5BD /* Themes */ = {
			isa = PBXGroup;
			children = (
				6552DB6A1D4B3886001DB5BD /* blackTheme.bundle */,
				6552DB6B1D4B3886001DB5BD /* blueTheme.bundle */,
			);
			path = Themes;
			sourceTree = "<group>";
		};
		6552DB6C1D4B3886001DB5BD /* Src */ = {
			isa = PBXGroup;
			children = (
				658AA4781D51C29F0077FA3B /* HomePageModule */,
				658AA4771D51C29F0077FA3B /* DrawModule */,
				658AA47C1D51C29F0077FA3B /* PhotoModule */,
			);
			path = Src;
			sourceTree = "<group>";
		};
		6552DB6F1D4B39C3001DB5BD /* SnapKit */ = {
			isa = PBXGroup;
			children = (
				6552DB701D4B39C3001DB5BD /* Constraint.swift */,
				6552DB711D4B39C3001DB5BD /* ConstraintAttributes.swift */,
				6552DB721D4B39C3001DB5BD /* ConstraintDescription.swift */,
				6552DB731D4B39C3001DB5BD /* ConstraintItem.swift */,
				6552DB741D4B39C3001DB5BD /* ConstraintMaker.swift */,
				6552DB751D4B39C3001DB5BD /* ConstraintRelation.swift */,
				6552DB761D4B39C3001DB5BD /* Debugging.swift */,
				6552DB771D4B39C3001DB5BD /* EdgeInsets.swift */,
				6552DB781D4B39C3001DB5BD /* Info.plist */,
				6552DB791D4B39C3001DB5BD /* LayoutConstraint.swift */,
				6552DB7A1D4B39C3001DB5BD /* SnapKit.h */,
				6552DB7B1D4B39C3001DB5BD /* SnapKit.swift */,
				6552DB7C1D4B39C3001DB5BD /* View+SnapKit.swift */,
				6552DB7D1D4B39C3001DB5BD /* ViewController+SnapKit.swift */,
			);
			path = SnapKit;
			sourceTree = "<group>";
		};
		658AA4771D51C29F0077FA3B /* DrawModule */ = {
			isa = PBXGroup;
			children = (
			);
			path = DrawModule;
			sourceTree = "<group>";
		};
		658AA4781D51C29F0077FA3B /* HomePageModule */ = {
			isa = PBXGroup;
			children = (
				658AA4791D51C29F0077FA3B /* Model */,
				658AA47A1D51C29F0077FA3B /* View */,
				658AA47B1D51C29F0077FA3B /* ViewController */,
			);
			path = HomePageModule;
			sourceTree = "<group>";
		};
		658AA4791D51C29F0077FA3B /* Model */ = {
			isa = PBXGroup;
			children = (
			);
			path = Model;
			sourceTree = "<group>";
		};
		658AA47A1D51C29F0077FA3B /* View */ = {
			isa = PBXGroup;
			children = (
			);
			path = View;
			sourceTree = "<group>";
		};
		658AA47B1D51C29F0077FA3B /* ViewController */ = {
			isa = PBXGroup;
			children = (
				658AA47D1D51C35B0077FA3B /* CPHomePageViewController.swift */,
			);
			path = ViewController;
			sourceTree = "<group>";
		};
		658AA47C1D51C29F0077FA3B /* PhotoModule */ = {
			isa = PBXGroup;
			children = (
			);
			path = PhotoModule;
			sourceTree = "<group>";
		};
		65E278791D4F4C0600A4AB4E /* BaseUI */ = {
			isa = PBXGroup;
			children = (
				65E2787A1D4F4C2800A4AB4E /* CPBaseViewController.swift */,
			);
			path = BaseUI;
			sourceTree = "<group>";
		};
/* End PBXGroup section */

/* Begin PBXNativeTarget section */
		6552DB311D4B3596001DB5BD /* CoolPhotos */ = {
			isa = PBXNativeTarget;
			buildConfigurationList = 6552DB5A1D4B3596001DB5BD /* Build configuration list for PBXNativeTarget "CoolPhotos" */;
			buildPhases = (
				6552DB2E1D4B3596001DB5BD /* Sources */,
				6552DB2F1D4B3596001DB5BD /* Frameworks */,
				6552DB301D4B3596001DB5BD /* Resources */,
			);
			buildRules = (
			);
			dependencies = (
			);
			name = CoolPhotos;
			productName = CoolPhotos;
			productReference = 6552DB321D4B3596001DB5BD /* CoolPhotos.app */;
			productType = "com.apple.product-type.application";
		};
		6552DB451D4B3596001DB5BD /* CoolPhotosTests */ = {
			isa = PBXNativeTarget;
			buildConfigurationList = 6552DB5D1D4B3596001DB5BD /* Build configuration list for PBXNativeTarget "CoolPhotosTests" */;
			buildPhases = (
				6552DB421D4B3596001DB5BD /* Sources */,
				6552DB431D4B3596001DB5BD /* Frameworks */,
				6552DB441D4B3596001DB5BD /* Resources */,
			);
			buildRules = (
			);
			dependencies = (
				6552DB481D4B3596001DB5BD /* PBXTargetDependency */,
			);
			name = CoolPhotosTests;
			productName = CoolPhotosTests;
			productReference = 6552DB461D4B3596001DB5BD /* CoolPhotosTests.xctest */;
			productType = "com.apple.product-type.bundle.unit-test";
		};
		6552DB501D4B3596001DB5BD /* CoolPhotosUITests */ = {
			isa = PBXNativeTarget;
			buildConfigurationList = 6552DB601D4B3596001DB5BD /* Build configuration list for PBXNativeTarget "CoolPhotosUITests" */;
			buildPhases = (
				6552DB4D1D4B3596001DB5BD /* Sources */,
				6552DB4E1D4B3596001DB5BD /* Frameworks */,
				6552DB4F1D4B3596001DB5BD /* Resources */,
			);
			buildRules = (
			);
			dependencies = (
				6552DB531D4B3596001DB5BD /* PBXTargetDependency */,
			);
			name = CoolPhotosUITests;
			productName = CoolPhotosUITests;
			productReference = 6552DB511D4B3596001DB5BD /* CoolPhotosUITests.xctest */;
			productType = "com.apple.product-type.bundle.ui-testing";
		};
/* End PBXNativeTarget section */

/* Begin PBXProject section */
		6552DB2A1D4B3596001DB5BD /* Project object */ = {
			isa = PBXProject;
			attributes = {
				CLASSPREFIX = CP;
				LastSwiftUpdateCheck = 0730;
				LastUpgradeCheck = 0730;
				ORGANIZATIONNAME = DYH;
				TargetAttributes = {
					6552DB311D4B3596001DB5BD = {
						CreatedOnToolsVersion = 7.3;
					};
					6552DB451D4B3596001DB5BD = {
						CreatedOnToolsVersion = 7.3;
						TestTargetID = 6552DB311D4B3596001DB5BD;
					};
					6552DB501D4B3596001DB5BD = {
						CreatedOnToolsVersion = 7.3;
						TestTargetID = 6552DB311D4B3596001DB5BD;
					};
				};
			};
			buildConfigurationList = 6552DB2D1D4B3596001DB5BD /* Build configuration list for PBXProject "CoolPhotos" */;
			compatibilityVersion = "Xcode 3.2";
			developmentRegion = English;
			hasScannedForEncodings = 0;
			knownRegions = (
				en,
				Base,
			);
			mainGroup = 6552DB291D4B3596001DB5BD;
			productRefGroup = 6552DB331D4B3596001DB5BD /* Products */;
			projectDirPath = "";
			projectRoot = "";
			targets = (
				6552DB311D4B3596001DB5BD /* CoolPhotos */,
				6552DB451D4B3596001DB5BD /* CoolPhotosTests */,
				6552DB501D4B3596001DB5BD /* CoolPhotosUITests */,
			);
		};
/* End PBXProject section */

/* Begin PBXResourcesBuildPhase section */
		6552DB301D4B3596001DB5BD /* Resources */ = {
			isa = PBXResourcesBuildPhase;
			buildActionMask = 2147483647;
			files = (
				6552DB6E1D4B3886001DB5BD /* blueTheme.bundle in Resources */,
				6552DB401D4B3596001DB5BD /* LaunchScreen.storyboard in Resources */,
				6552DB861D4B39C3001DB5BD /* Info.plist in Resources */,
				6552DB6D1D4B3886001DB5BD /* blackTheme.bundle in Resources */,
				6552DB3D1D4B3596001DB5BD /* Assets.xcassets in Resources */,
				6552DB3B1D4B3596001DB5BD /* Main.storyboard in Resources */,
			);
			runOnlyForDeploymentPostprocessing = 0;
		};
		6552DB441D4B3596001DB5BD /* Resources */ = {
			isa = PBXResourcesBuildPhase;
			buildActionMask = 2147483647;
			files = (
			);
			runOnlyForDeploymentPostprocessing = 0;
		};
		6552DB4F1D4B3596001DB5BD /* Resources */ = {
			isa = PBXResourcesBuildPhase;
			buildActionMask = 2147483647;
			files = (
			);
			runOnlyForDeploymentPostprocessing = 0;
		};
/* End PBXResourcesBuildPhase section */

/* Begin PBXSourcesBuildPhase section */
		6552DB2E1D4B3596001DB5BD /* Sources */ = {
			isa = PBXSourcesBuildPhase;
			buildActionMask = 2147483647;
			files = (
				6552DB8C1D4B3A2C001DB5BD /* CPThemeManager.swift in Sources */,
				6552DB7E1D4B39C3001DB5BD /* Constraint.swift in Sources */,
				6552DB871D4B39C3001DB5BD /* LayoutConstraint.swift in Sources */,
				6552DB841D4B39C3001DB5BD /* Debugging.swift in Sources */,
				6552DB851D4B39C3001DB5BD /* EdgeInsets.swift in Sources */,
				6552DB7F1D4B39C3001DB5BD /* ConstraintAttributes.swift in Sources */,
				6552DB821D4B39C3001DB5BD /* ConstraintMaker.swift in Sources */,
				6552DB8A1D4B39C3001DB5BD /* ViewController+SnapKit.swift in Sources */,
				6552DB361D4B3596001DB5BD /* AppDelegate.swift in Sources */,
				6552DB801D4B39C3001DB5BD /* ConstraintDescription.swift in Sources */,
				6552DB831D4B39C3001DB5BD /* ConstraintRelation.swift in Sources */,
				657985561D4EE76200BDFD0B /* CPStyle.swift in Sources */,
				65E2787D1D4F508F00A4AB4E /* CPObjectExtension.swift in Sources */,
				6552DB881D4B39C3001DB5BD /* SnapKit.swift in Sources */,
				658AA47E1D51C35B0077FA3B /* CPHomePageViewController.swift in Sources */,
				65E2787B1D4F4C2800A4AB4E /* CPBaseViewController.swift in Sources */,
				6552DB811D4B39C3001DB5BD /* ConstraintItem.swift in Sources */,
				6552DB891D4B39C3001DB5BD /* View+SnapKit.swift in Sources */,
			);
			runOnlyForDeploymentPostprocessing = 0;
		};
		6552DB421D4B3596001DB5BD /* Sources */ = {
			isa = PBXSourcesBuildPhase;
			buildActionMask = 2147483647;
			files = (
				6552DB4B1D4B3596001DB5BD /* CoolPhotosTests.swift in Sources */,
			);
			runOnlyForDeploymentPostprocessing = 0;
		};
		6552DB4D1D4B3596001DB5BD /* Sources */ = {
			isa = PBXSourcesBuildPhase;
			buildActionMask = 2147483647;
			files = (
				6552DB561D4B3596001DB5BD /* CoolPhotosUITests.swift in Sources */,
			);
			runOnlyForDeploymentPostprocessing = 0;
		};
/* End PBXSourcesBuildPhase section */

/* Begin PBXTargetDependency section */
		6552DB481D4B3596001DB5BD /* PBXTargetDependency */ = {
			isa = PBXTargetDependency;
			target = 6552DB311D4B3596001DB5BD /* CoolPhotos */;
			targetProxy = 6552DB471D4B3596001DB5BD /* PBXContainerItemProxy */;
		};
		6552DB531D4B3596001DB5BD /* PBXTargetDependency */ = {
			isa = PBXTargetDependency;
			target = 6552DB311D4B3596001DB5BD /* CoolPhotos */;
			targetProxy = 6552DB521D4B3596001DB5BD /* PBXContainerItemProxy */;
		};
/* End PBXTargetDependency section */

/* Begin PBXVariantGroup section */
		6552DB391D4B3596001DB5BD /* Main.storyboard */ = {
			isa = PBXVariantGroup;
			children = (
				6552DB3A1D4B3596001DB5BD /* Base */,
			);
			name = Main.storyboard;
			sourceTree = "<group>";
		};
		6552DB3E1D4B3596001DB5BD /* LaunchScreen.storyboard */ = {
			isa = PBXVariantGroup;
			children = (
				6552DB3F1D4B3596001DB5BD /* Base */,
			);
			name = LaunchScreen.storyboard;
			sourceTree = "<group>";
		};
/* End PBXVariantGroup section */

/* Begin XCBuildConfiguration section */
		6552DB581D4B3596001DB5BD /* Debug */ = {
			isa = XCBuildConfiguration;
			buildSettings = {
				ALWAYS_SEARCH_USER_PATHS = NO;
				CLANG_ANALYZER_NONNULL = YES;
				CLANG_CXX_LANGUAGE_STANDARD = "gnu++0x";
				CLANG_CXX_LIBRARY = "libc++";
				CLANG_ENABLE_MODULES = YES;
				CLANG_ENABLE_OBJC_ARC = YES;
				CLANG_WARN_BOOL_CONVERSION = YES;
				CLANG_WARN_CONSTANT_CONVERSION = YES;
				CLANG_WARN_DIRECT_OBJC_ISA_USAGE = YES_ERROR;
				CLANG_WARN_EMPTY_BODY = YES;
				CLANG_WARN_ENUM_CONVERSION = YES;
				CLANG_WARN_INT_CONVERSION = YES;
				CLANG_WARN_OBJC_ROOT_CLASS = YES_ERROR;
				CLANG_WARN_UNREACHABLE_CODE = YES;
				CLANG_WARN__DUPLICATE_METHOD_MATCH = YES;
				"CODE_SIGN_IDENTITY[sdk=iphoneos*]" = "iPhone Developer";
				COPY_PHASE_STRIP = NO;
				DEBUG_INFORMATION_FORMAT = dwarf;
				ENABLE_STRICT_OBJC_MSGSEND = YES;
				ENABLE_TESTABILITY = YES;
				GCC_C_LANGUAGE_STANDARD = gnu99;
				GCC_DYNAMIC_NO_PIC = NO;
				GCC_NO_COMMON_BLOCKS = YES;
				GCC_OPTIMIZATION_LEVEL = 0;
				GCC_PREPROCESSOR_DEFINITIONS = (
					"DEBUG=1",
					"$(inherited)",
				);
				GCC_WARN_64_TO_32_BIT_CONVERSION = YES;
				GCC_WARN_ABOUT_RETURN_TYPE = YES_ERROR;
				GCC_WARN_UNDECLARED_SELECTOR = YES;
				GCC_WARN_UNINITIALIZED_AUTOS = YES_AGGRESSIVE;
				GCC_WARN_UNUSED_FUNCTION = YES;
				GCC_WARN_UNUSED_VARIABLE = YES;
				IPHONEOS_DEPLOYMENT_TARGET = 9.3;
				MTL_ENABLE_DEBUG_INFO = YES;
				ONLY_ACTIVE_ARCH = YES;
				SDKROOT = iphoneos;
				SWIFT_OPTIMIZATION_LEVEL = "-Onone";
			};
			name = Debug;
		};
		6552DB591D4B3596001DB5BD /* Release */ = {
			isa = XCBuildConfiguration;
			buildSettings = {
				ALWAYS_SEARCH_USER_PATHS = NO;
				CLANG_ANALYZER_NONNULL = YES;
				CLANG_CXX_LANGUAGE_STANDARD = "gnu++0x";
				CLANG_CXX_LIBRARY = "libc++";
				CLANG_ENABLE_MODULES = YES;
				CLANG_ENABLE_OBJC_ARC = YES;
				CLANG_WARN_BOOL_CONVERSION = YES;
				CLANG_WARN_CONSTANT_CONVERSION = YES;
				CLANG_WARN_DIRECT_OBJC_ISA_USAGE = YES_ERROR;
				CLANG_WARN_EMPTY_BODY = YES;
				CLANG_WARN_ENUM_CONVERSION = YES;
				CLANG_WARN_INT_CONVERSION = YES;
				CLANG_WARN_OBJC_ROOT_CLASS = YES_ERROR;
				CLANG_WARN_UNREACHABLE_CODE = YES;
				CLANG_WARN__DUPLICATE_METHOD_MATCH = YES;
				"CODE_SIGN_IDENTITY[sdk=iphoneos*]" = "iPhone Developer";
				COPY_PHASE_STRIP = NO;
				DEBUG_INFORMATION_FORMAT = "dwarf-with-dsym";
				ENABLE_NS_ASSERTIONS = NO;
				ENABLE_STRICT_OBJC_MSGSEND = YES;
				GCC_C_LANGUAGE_STANDARD = gnu99;
				GCC_NO_COMMON_BLOCKS = YES;
				GCC_WARN_64_TO_32_BIT_CONVERSION = YES;
				GCC_WARN_ABOUT_RETURN_TYPE = YES_ERROR;
				GCC_WARN_UNDECLARED_SELECTOR = YES;
				GCC_WARN_UNINITIALIZED_AUTOS = YES_AGGRESSIVE;
				GCC_WARN_UNUSED_FUNCTION = YES;
				GCC_WARN_UNUSED_VARIABLE = YES;
				IPHONEOS_DEPLOYMENT_TARGET = 9.3;
				MTL_ENABLE_DEBUG_INFO = NO;
				SDKROOT = iphoneos;
				VALIDATE_PRODUCT = YES;
			};
			name = Release;
		};
		6552DB5B1D4B3596001DB5BD /* Debug */ = {
			isa = XCBuildConfiguration;
			buildSettings = {
				ASSETCATALOG_COMPILER_APPICON_NAME = AppIcon;
				INFOPLIST_FILE = CoolPhotos/Info.plist;
				LD_RUNPATH_SEARCH_PATHS = "$(inherited) @executable_path/Frameworks";
				PRODUCT_BUNDLE_IDENTIFIER = cn.dyh.CoolPhotos;
				PRODUCT_NAME = "$(TARGET_NAME)";
			};
			name = Debug;
		};
		6552DB5C1D4B3596001DB5BD /* Release */ = {
			isa = XCBuildConfiguration;
			buildSettings = {
				ASSETCATALOG_COMPILER_APPICON_NAME = AppIcon;
				INFOPLIST_FILE = CoolPhotos/Info.plist;
				LD_RUNPATH_SEARCH_PATHS = "$(inherited) @executable_path/Frameworks";
				PRODUCT_BUNDLE_IDENTIFIER = cn.dyh.CoolPhotos;
				PRODUCT_NAME = "$(TARGET_NAME)";
			};
			name = Release;
		};
		6552DB5E1D4B3596001DB5BD /* Debug */ = {
			isa = XCBuildConfiguration;
			buildSettings = {
				BUNDLE_LOADER = "$(TEST_HOST)";
				INFOPLIST_FILE = CoolPhotosTests/Info.plist;
				LD_RUNPATH_SEARCH_PATHS = "$(inherited) @executable_path/Frameworks @loader_path/Frameworks";
				PRODUCT_BUNDLE_IDENTIFIER = cn.dyh.CoolPhotosTests;
				PRODUCT_NAME = "$(TARGET_NAME)";
				TEST_HOST = "$(BUILT_PRODUCTS_DIR)/CoolPhotos.app/CoolPhotos";
			};
			name = Debug;
		};
		6552DB5F1D4B3596001DB5BD /* Release */ = {
			isa = XCBuildConfiguration;
			buildSettings = {
				BUNDLE_LOADER = "$(TEST_HOST)";
				INFOPLIST_FILE = CoolPhotosTests/Info.plist;
				LD_RUNPATH_SEARCH_PATHS = "$(inherited) @executable_path/Frameworks @loader_path/Frameworks";
				PRODUCT_BUNDLE_IDENTIFIER = cn.dyh.CoolPhotosTests;
				PRODUCT_NAME = "$(TARGET_NAME)";
				TEST_HOST = "$(BUILT_PRODUCTS_DIR)/CoolPhotos.app/CoolPhotos";
			};
			name = Release;
		};
		6552DB611D4B3596001DB5BD /* Debug */ = {
			isa = XCBuildConfiguration;
			buildSettings = {
				INFOPLIST_FILE = CoolPhotosUITests/Info.plist;
				LD_RUNPATH_SEARCH_PATHS = "$(inherited) @executable_path/Frameworks @loader_path/Frameworks";
				PRODUCT_BUNDLE_IDENTIFIER = cn.dyh.CoolPhotosUITests;
				PRODUCT_NAME = "$(TARGET_NAME)";
				TEST_TARGET_NAME = CoolPhotos;
			};
			name = Debug;
		};
		6552DB621D4B3596001DB5BD /* Release */ = {
			isa = XCBuildConfiguration;
			buildSettings = {
				INFOPLIST_FILE = CoolPhotosUITests/Info.plist;
				LD_RUNPATH_SEARCH_PATHS = "$(inherited) @executable_path/Frameworks @loader_path/Frameworks";
				PRODUCT_BUNDLE_IDENTIFIER = cn.dyh.CoolPhotosUITests;
				PRODUCT_NAME = "$(TARGET_NAME)";
				TEST_TARGET_NAME = CoolPhotos;
			};
			name = Release;
		};
/* End XCBuildConfiguration section */

/* Begin XCConfigurationList section */
		6552DB2D1D4B3596001DB5BD /* Build configuration list for PBXProject "CoolPhotos" */ = {
			isa = XCConfigurationList;
			buildConfigurations = (
				6552DB581D4B3596001DB5BD /* Debug */,
				6552DB591D4B3596001DB5BD /* Release */,
			);
			defaultConfigurationIsVisible = 0;
			defaultConfigurationName = Release;
		};
		6552DB5A1D4B3596001DB5BD /* Build configuration list for PBXNativeTarget "CoolPhotos" */ = {
			isa = XCConfigurationList;
			buildConfigurations = (
				6552DB5B1D4B3596001DB5BD /* Debug */,
				6552DB5C1D4B3596001DB5BD /* Release */,
			);
			defaultConfigurationIsVisible = 0;
			defaultConfigurationName = Release;
		};
		6552DB5D1D4B3596001DB5BD /* Build configuration list for PBXNativeTarget "CoolPhotosTests" */ = {
			isa = XCConfigurationList;
			buildConfigurations = (
				6552DB5E1D4B3596001DB5BD /* Debug */,
				6552DB5F1D4B3596001DB5BD /* Release */,
			);
			defaultConfigurationIsVisible = 0;
			defaultConfigurationName = Release;
		};
		6552DB601D4B3596001DB5BD /* Build configuration list for PBXNativeTarget "CoolPhotosUITests" */ = {
			isa = XCConfigurationList;
			buildConfigurations = (
				6552DB611D4B3596001DB5BD /* Debug */,
				6552DB621D4B3596001DB5BD /* Release */,
			);
			defaultConfigurationIsVisible = 0;
			defaultConfigurationName = Release;
		};
/* End XCConfigurationList section */
	};
	rootObject = 6552DB2A1D4B3596001DB5BD /* Project object */;
}
