// !$*UTF8*$!
{
	archiveVersion = 1;
	classes = {
	};
	objectVersion = 46;
	objects = {

/* Begin PBXBuildFile section */
		6552DB361D4B3596001DB5BD /* AppDelegate.swift in Sources */ = {isa = PBXBuildFile; fileRef = 6552DB351D4B3596001DB5BD /* AppDelegate.swift */; };
		6552DB3B1D4B3596001DB5BD /* Main.storyboard in Resources */ = {isa = PBXBuildFile; fileRef = 6552DB391D4B3596001DB5BD /* Main.storyboard */; };
		6552DB3D1D4B3596001DB5BD /* Assets.xcassets in Resources */ = {isa = PBXBuildFile; fileRef = 6552DB3C1D4B3596001DB5BD /* Assets.xcassets */; };
		6552DB401D4B3596001DB5BD /* LaunchScreen.storyboard in Resources */ = {isa = PBXBuildFile; fileRef = 6552DB3E1D4B3596001DB5BD /* LaunchScreen.storyboard */; };
		6552DB4B1D4B3596001DB5BD /* CoolPhotosTests.swift in Sources */ = {isa = PBXBuildFile; fileRef = 6552DB4A1D4B3596001DB5BD /* CoolPhotosTests.swift */; };
		6552DB561D4B3596001DB5BD /* CoolPhotosUITests.swift in Sources */ = {isa = PBXBuildFile; fileRef = 6552DB551D4B3596001DB5BD /* CoolPhotosUITests.swift */; };
		6552DB6D1D4B3886001DB5BD /* blackTheme.bundle in Resources */ = {isa = PBXBuildFile; fileRef = 6552DB6A1D4B3886001DB5BD /* blackTheme.bundle */; };
		6552DB6E1D4B3886001DB5BD /* blueTheme.bundle in Resources */ = {isa = PBXBuildFile; fileRef = 6552DB6B1D4B3886001DB5BD /* blueTheme.bundle */; };
		6552DB8C1D4B3A2C001DB5BD /* CPThemeManager.swift in Sources */ = {isa = PBXBuildFile; fileRef = 6552DB8B1D4B3A2C001DB5BD /* CPThemeManager.swift */; };
		657985561D4EE76200BDFD0B /* CPStyle.swift in Sources */ = {isa = PBXBuildFile; fileRef = 657985551D4EE76200BDFD0B /* CPStyle.swift */; };
		658AA47E1D51C35B0077FA3B /* CPHomePageViewController.swift in Sources */ = {isa = PBXBuildFile; fileRef = 658AA47D1D51C35B0077FA3B /* CPHomePageViewController.swift */; };
		65E2787B1D4F4C2800A4AB4E /* CPBaseViewController.swift in Sources */ = {isa = PBXBuildFile; fileRef = 65E2787A1D4F4C2800A4AB4E /* CPBaseViewController.swift */; };
		65E2787D1D4F508F00A4AB4E /* CPObjectExtension.swift in Sources */ = {isa = PBXBuildFile; fileRef = 65E2787C1D4F508F00A4AB4E /* CPObjectExtension.swift */; };
		B416E6AC1D6AF94D002930E6 /* checkerboard.png in Resources */ = {isa = PBXBuildFile; fileRef = B416E6941D6AF94D002930E6 /* checkerboard.png */; };
		B416E6AD1D6AF94D002930E6 /* checkerboard@2x.png in Resources */ = {isa = PBXBuildFile; fileRef = B416E6951D6AF94D002930E6 /* checkerboard@2x.png */; };
		B416E6AE1D6AF94D002930E6 /* colorPickerKnob.png in Resources */ = {isa = PBXBuildFile; fileRef = B416E6961D6AF94D002930E6 /* colorPickerKnob.png */; };
		B416E6AF1D6AF94D002930E6 /* colorPickerKnob@2x.png in Resources */ = {isa = PBXBuildFile; fileRef = B416E6971D6AF94D002930E6 /* colorPickerKnob@2x.png */; };
		B416E6B01D6AF94D002930E6 /* HSV.c in Sources */ = {isa = PBXBuildFile; fileRef = B416E6981D6AF94D002930E6 /* HSV.c */; };
		B416E6B11D6AF94D002930E6 /* KZColorCompareView.m in Sources */ = {isa = PBXBuildFile; fileRef = B416E69B1D6AF94D002930E6 /* KZColorCompareView.m */; settings = {COMPILER_FLAGS = "-fno-objc-arc"; }; };
		B416E6B21D6AF94D002930E6 /* KZColorPicker.m in Sources */ = {isa = PBXBuildFile; fileRef = B416E69D1D6AF94D002930E6 /* KZColorPicker.m */; settings = {COMPILER_FLAGS = "-fno-objc-arc"; }; };
		B416E6B31D6AF94D002930E6 /* KZColorPickerAlphaSlider.m in Sources */ = {isa = PBXBuildFile; fileRef = B416E69F1D6AF94D002930E6 /* KZColorPickerAlphaSlider.m */; settings = {COMPILER_FLAGS = "-fno-objc-arc"; }; };
		B416E6B41D6AF94D002930E6 /* KZColorPickerBrightnessSlider.m in Sources */ = {isa = PBXBuildFile; fileRef = B416E6A11D6AF94D002930E6 /* KZColorPickerBrightnessSlider.m */; settings = {COMPILER_FLAGS = "-fno-objc-arc"; }; };
		B416E6B51D6AF94D002930E6 /* KZColorPickerHSWheel.m in Sources */ = {isa = PBXBuildFile; fileRef = B416E6A31D6AF94D002930E6 /* KZColorPickerHSWheel.m */; settings = {COMPILER_FLAGS = "-fno-objc-arc"; }; };
		B416E6B61D6AF94D002930E6 /* KZColorPickerSwatchView.m in Sources */ = {isa = PBXBuildFile; fileRef = B416E6A51D6AF94D002930E6 /* KZColorPickerSwatchView.m */; settings = {COMPILER_FLAGS = "-fno-objc-arc"; }; };
		B416E6B71D6AF94D002930E6 /* KZUnitSlider.m in Sources */ = {isa = PBXBuildFile; fileRef = B416E6A71D6AF94D002930E6 /* KZUnitSlider.m */; settings = {COMPILER_FLAGS = "-fno-objc-arc"; }; };
		B416E6B81D6AF94D002930E6 /* pickerColorWheel.png in Resources */ = {isa = PBXBuildFile; fileRef = B416E6A81D6AF94D002930E6 /* pickerColorWheel.png */; };
		B416E6B91D6AF94D002930E6 /* pickerColorWheel@2x.png in Resources */ = {isa = PBXBuildFile; fileRef = B416E6A91D6AF94D002930E6 /* pickerColorWheel@2x.png */; };
		B416E6BA1D6AF94D002930E6 /* UIColor-Expanded.m in Sources */ = {isa = PBXBuildFile; fileRef = B416E6AB1D6AF94D002930E6 /* UIColor-Expanded.m */; };
		B4ACD1331DADD53800906BCC /* Constraint.swift in Sources */ = {isa = PBXBuildFile; fileRef = B4ACD1111DADD53800906BCC /* Constraint.swift */; };
		B4ACD1341DADD53800906BCC /* ConstraintAttributes.swift in Sources */ = {isa = PBXBuildFile; fileRef = B4ACD1121DADD53800906BCC /* ConstraintAttributes.swift */; };
		B4ACD1351DADD53800906BCC /* ConstraintConfig.swift in Sources */ = {isa = PBXBuildFile; fileRef = B4ACD1131DADD53800906BCC /* ConstraintConfig.swift */; };
		B4ACD1361DADD53800906BCC /* ConstraintConstantTarget.swift in Sources */ = {isa = PBXBuildFile; fileRef = B4ACD1141DADD53800906BCC /* ConstraintConstantTarget.swift */; };
		B4ACD1371DADD53800906BCC /* ConstraintDescription.swift in Sources */ = {isa = PBXBuildFile; fileRef = B4ACD1151DADD53800906BCC /* ConstraintDescription.swift */; };
		B4ACD1381DADD53800906BCC /* ConstraintDSL.swift in Sources */ = {isa = PBXBuildFile; fileRef = B4ACD1161DADD53800906BCC /* ConstraintDSL.swift */; };
		B4ACD1391DADD53800906BCC /* ConstraintInsets.swift in Sources */ = {isa = PBXBuildFile; fileRef = B4ACD1171DADD53800906BCC /* ConstraintInsets.swift */; };
		B4ACD13A1DADD53800906BCC /* ConstraintInsetTarget.swift in Sources */ = {isa = PBXBuildFile; fileRef = B4ACD1181DADD53800906BCC /* ConstraintInsetTarget.swift */; };
		B4ACD13B1DADD53800906BCC /* ConstraintItem.swift in Sources */ = {isa = PBXBuildFile; fileRef = B4ACD1191DADD53800906BCC /* ConstraintItem.swift */; };
		B4ACD13C1DADD53800906BCC /* ConstraintLayoutGuide+Extensions.swift in Sources */ = {isa = PBXBuildFile; fileRef = B4ACD11A1DADD53800906BCC /* ConstraintLayoutGuide+Extensions.swift */; };
		B4ACD13D1DADD53800906BCC /* ConstraintLayoutGuide.swift in Sources */ = {isa = PBXBuildFile; fileRef = B4ACD11B1DADD53800906BCC /* ConstraintLayoutGuide.swift */; };
		B4ACD13E1DADD53800906BCC /* ConstraintLayoutGuideDSL.swift in Sources */ = {isa = PBXBuildFile; fileRef = B4ACD11C1DADD53800906BCC /* ConstraintLayoutGuideDSL.swift */; };
		B4ACD13F1DADD53800906BCC /* ConstraintLayoutSupport.swift in Sources */ = {isa = PBXBuildFile; fileRef = B4ACD11D1DADD53800906BCC /* ConstraintLayoutSupport.swift */; };
		B4ACD1401DADD53800906BCC /* ConstraintLayoutSupportDSL.swift in Sources */ = {isa = PBXBuildFile; fileRef = B4ACD11E1DADD53800906BCC /* ConstraintLayoutSupportDSL.swift */; };
		B4ACD1411DADD53800906BCC /* ConstraintMaker.swift in Sources */ = {isa = PBXBuildFile; fileRef = B4ACD11F1DADD53800906BCC /* ConstraintMaker.swift */; };
		B4ACD1421DADD53800906BCC /* ConstraintMakerEditable.swift in Sources */ = {isa = PBXBuildFile; fileRef = B4ACD1201DADD53800906BCC /* ConstraintMakerEditable.swift */; };
		B4ACD1431DADD53800906BCC /* ConstraintMakerExtendable.swift in Sources */ = {isa = PBXBuildFile; fileRef = B4ACD1211DADD53800906BCC /* ConstraintMakerExtendable.swift */; };
		B4ACD1441DADD53800906BCC /* ConstraintMakerFinalizable.swift in Sources */ = {isa = PBXBuildFile; fileRef = B4ACD1221DADD53800906BCC /* ConstraintMakerFinalizable.swift */; };
		B4ACD1451DADD53800906BCC /* ConstraintMakerPriortizable.swift in Sources */ = {isa = PBXBuildFile; fileRef = B4ACD1231DADD53800906BCC /* ConstraintMakerPriortizable.swift */; };
		B4ACD1461DADD53800906BCC /* ConstraintMakerRelatable.swift in Sources */ = {isa = PBXBuildFile; fileRef = B4ACD1241DADD53800906BCC /* ConstraintMakerRelatable.swift */; };
		B4ACD1471DADD53800906BCC /* ConstraintMultiplierTarget.swift in Sources */ = {isa = PBXBuildFile; fileRef = B4ACD1251DADD53800906BCC /* ConstraintMultiplierTarget.swift */; };
		B4ACD1481DADD53800906BCC /* ConstraintOffsetTarget.swift in Sources */ = {isa = PBXBuildFile; fileRef = B4ACD1261DADD53800906BCC /* ConstraintOffsetTarget.swift */; };
		B4ACD1491DADD53800906BCC /* ConstraintPriorityTarget.swift in Sources */ = {isa = PBXBuildFile; fileRef = B4ACD1271DADD53800906BCC /* ConstraintPriorityTarget.swift */; };
		B4ACD14A1DADD53800906BCC /* ConstraintRelatableTarget.swift in Sources */ = {isa = PBXBuildFile; fileRef = B4ACD1281DADD53800906BCC /* ConstraintRelatableTarget.swift */; };
		B4ACD14B1DADD53800906BCC /* ConstraintRelation.swift in Sources */ = {isa = PBXBuildFile; fileRef = B4ACD1291DADD53800906BCC /* ConstraintRelation.swift */; };
		B4ACD14C1DADD53800906BCC /* ConstraintView+Extensions.swift in Sources */ = {isa = PBXBuildFile; fileRef = B4ACD12A1DADD53800906BCC /* ConstraintView+Extensions.swift */; };
		B4ACD14D1DADD53800906BCC /* ConstraintView.swift in Sources */ = {isa = PBXBuildFile; fileRef = B4ACD12B1DADD53800906BCC /* ConstraintView.swift */; };
		B4ACD14E1DADD53800906BCC /* ConstraintViewDSL.swift in Sources */ = {isa = PBXBuildFile; fileRef = B4ACD12C1DADD53800906BCC /* ConstraintViewDSL.swift */; };
		B4ACD14F1DADD53800906BCC /* Debugging.swift in Sources */ = {isa = PBXBuildFile; fileRef = B4ACD12D1DADD53800906BCC /* Debugging.swift */; };
		B4ACD1501DADD53800906BCC /* Info.plist in Resources */ = {isa = PBXBuildFile; fileRef = B4ACD12E1DADD53800906BCC /* Info.plist */; };
		B4ACD1511DADD53800906BCC /* LayoutConstraint.swift in Sources */ = {isa = PBXBuildFile; fileRef = B4ACD12F1DADD53800906BCC /* LayoutConstraint.swift */; };
		B4ACD1521DADD53800906BCC /* LayoutConstraintItem.swift in Sources */ = {isa = PBXBuildFile; fileRef = B4ACD1301DADD53800906BCC /* LayoutConstraintItem.swift */; };
		B4ACD1531DADD53800906BCC /* UILayoutSupport+Extensions.swift in Sources */ = {isa = PBXBuildFile; fileRef = B4ACD1321DADD53800906BCC /* UILayoutSupport+Extensions.swift */; };
		B4CEBB251D6EDDA3000C5620 /* CPCanvasView.swift in Sources */ = {isa = PBXBuildFile; fileRef = B4CEBB241D6EDDA3000C5620 /* CPCanvasView.swift */; };
		B4CEBB271D6EDDBA000C5620 /* CPCanvasViewController.swift in Sources */ = {isa = PBXBuildFile; fileRef = B4CEBB261D6EDDBA000C5620 /* CPCanvasViewController.swift */; };
/* End PBXBuildFile section */

/* Begin PBXContainerItemProxy section */
		6552DB471D4B3596001DB5BD /* PBXContainerItemProxy */ = {
			isa = PBXContainerItemProxy;
			containerPortal = 6552DB2A1D4B3596001DB5BD /* Project object */;
			proxyType = 1;
			remoteGlobalIDString = 6552DB311D4B3596001DB5BD;
			remoteInfo = CoolPhotos;
		};
		6552DB521D4B3596001DB5BD /* PBXContainerItemProxy */ = {
			isa = PBXContainerItemProxy;
			containerPortal = 6552DB2A1D4B3596001DB5BD /* Project object */;
			proxyType = 1;
			remoteGlobalIDString = 6552DB311D4B3596001DB5BD;
			remoteInfo = CoolPhotos;
		};
/* End PBXContainerItemProxy section */

/* Begin PBXFileReference section */
		6552DB321D4B3596001DB5BD /* CoolPhotos.app */ = {isa = PBXFileReference; explicitFileType = wrapper.application; includeInIndex = 0; path = CoolPhotos.app; sourceTree = BUILT_PRODUCTS_DIR; };
		6552DB351D4B3596001DB5BD /* AppDelegate.swift */ = {isa = PBXFileReference; lastKnownFileType = sourcecode.swift; path = AppDelegate.swift; sourceTree = "<group>"; };
		6552DB3A1D4B3596001DB5BD /* Base */ = {isa = PBXFileReference; lastKnownFileType = file.storyboard; name = Base; path = Base.lproj/Main.storyboard; sourceTree = "<group>"; };
		6552DB3C1D4B3596001DB5BD /* Assets.xcassets */ = {isa = PBXFileReference; lastKnownFileType = folder.assetcatalog; path = Assets.xcassets; sourceTree = "<group>"; };
		6552DB3F1D4B3596001DB5BD /* Base */ = {isa = PBXFileReference; lastKnownFileType = file.storyboard; name = Base; path = Base.lproj/LaunchScreen.storyboard; sourceTree = "<group>"; };
		6552DB411D4B3596001DB5BD /* Info.plist */ = {isa = PBXFileReference; lastKnownFileType = text.plist.xml; path = Info.plist; sourceTree = "<group>"; };
		6552DB461D4B3596001DB5BD /* CoolPhotosTests.xctest */ = {isa = PBXFileReference; explicitFileType = wrapper.cfbundle; includeInIndex = 0; path = CoolPhotosTests.xctest; sourceTree = BUILT_PRODUCTS_DIR; };
		6552DB4A1D4B3596001DB5BD /* CoolPhotosTests.swift */ = {isa = PBXFileReference; lastKnownFileType = sourcecode.swift; path = CoolPhotosTests.swift; sourceTree = "<group>"; };
		6552DB4C1D4B3596001DB5BD /* Info.plist */ = {isa = PBXFileReference; lastKnownFileType = text.plist.xml; path = Info.plist; sourceTree = "<group>"; };
		6552DB511D4B3596001DB5BD /* CoolPhotosUITests.xctest */ = {isa = PBXFileReference; explicitFileType = wrapper.cfbundle; includeInIndex = 0; path = CoolPhotosUITests.xctest; sourceTree = BUILT_PRODUCTS_DIR; };
		6552DB551D4B3596001DB5BD /* CoolPhotosUITests.swift */ = {isa = PBXFileReference; lastKnownFileType = sourcecode.swift; path = CoolPhotosUITests.swift; sourceTree = "<group>"; };
		6552DB571D4B3596001DB5BD /* Info.plist */ = {isa = PBXFileReference; lastKnownFileType = text.plist.xml; path = Info.plist; sourceTree = "<group>"; };
		6552DB6A1D4B3886001DB5BD /* blackTheme.bundle */ = {isa = PBXFileReference; lastKnownFileType = "wrapper.plug-in"; path = blackTheme.bundle; sourceTree = "<group>"; };
		6552DB6B1D4B3886001DB5BD /* blueTheme.bundle */ = {isa = PBXFileReference; lastKnownFileType = "wrapper.plug-in"; path = blueTheme.bundle; sourceTree = "<group>"; };
		6552DB8B1D4B3A2C001DB5BD /* CPThemeManager.swift */ = {isa = PBXFileReference; fileEncoding = 4; lastKnownFileType = sourcecode.swift; path = CPThemeManager.swift; sourceTree = "<group>"; };
		657985551D4EE76200BDFD0B /* CPStyle.swift */ = {isa = PBXFileReference; fileEncoding = 4; lastKnownFileType = sourcecode.swift; path = CPStyle.swift; sourceTree = "<group>"; };
		658AA47D1D51C35B0077FA3B /* CPHomePageViewController.swift */ = {isa = PBXFileReference; fileEncoding = 4; lastKnownFileType = sourcecode.swift; path = CPHomePageViewController.swift; sourceTree = "<group>"; };
		65E2787A1D4F4C2800A4AB4E /* CPBaseViewController.swift */ = {isa = PBXFileReference; fileEncoding = 4; lastKnownFileType = sourcecode.swift; path = CPBaseViewController.swift; sourceTree = "<group>"; };
		65E2787C1D4F508F00A4AB4E /* CPObjectExtension.swift */ = {isa = PBXFileReference; fileEncoding = 4; lastKnownFileType = sourcecode.swift; path = CPObjectExtension.swift; sourceTree = "<group>"; };
		B416E6941D6AF94D002930E6 /* checkerboard.png */ = {isa = PBXFileReference; lastKnownFileType = image.png; path = checkerboard.png; sourceTree = "<group>"; };
		B416E6951D6AF94D002930E6 /* checkerboard@2x.png */ = {isa = PBXFileReference; lastKnownFileType = image.png; path = "checkerboard@2x.png"; sourceTree = "<group>"; };
		B416E6961D6AF94D002930E6 /* colorPickerKnob.png */ = {isa = PBXFileReference; lastKnownFileType = image.png; path = colorPickerKnob.png; sourceTree = "<group>"; };
		B416E6971D6AF94D002930E6 /* colorPickerKnob@2x.png */ = {isa = PBXFileReference; lastKnownFileType = image.png; path = "colorPickerKnob@2x.png"; sourceTree = "<group>"; };
		B416E6981D6AF94D002930E6 /* HSV.c */ = {isa = PBXFileReference; fileEncoding = 4; lastKnownFileType = sourcecode.c.c; path = HSV.c; sourceTree = "<group>"; };
		B416E6991D6AF94D002930E6 /* HSV.h */ = {isa = PBXFileReference; fileEncoding = 4; lastKnownFileType = sourcecode.c.h; path = HSV.h; sourceTree = "<group>"; };
		B416E69A1D6AF94D002930E6 /* KZColorCompareView.h */ = {isa = PBXFileReference; fileEncoding = 4; lastKnownFileType = sourcecode.c.h; path = KZColorCompareView.h; sourceTree = "<group>"; };
		B416E69B1D6AF94D002930E6 /* KZColorCompareView.m */ = {isa = PBXFileReference; fileEncoding = 4; lastKnownFileType = sourcecode.c.objc; path = KZColorCompareView.m; sourceTree = "<group>"; };
		B416E69C1D6AF94D002930E6 /* KZColorPicker.h */ = {isa = PBXFileReference; fileEncoding = 4; lastKnownFileType = sourcecode.c.h; path = KZColorPicker.h; sourceTree = "<group>"; };
		B416E69D1D6AF94D002930E6 /* KZColorPicker.m */ = {isa = PBXFileReference; fileEncoding = 4; lastKnownFileType = sourcecode.c.objc; path = KZColorPicker.m; sourceTree = "<group>"; };
		B416E69E1D6AF94D002930E6 /* KZColorPickerAlphaSlider.h */ = {isa = PBXFileReference; fileEncoding = 4; lastKnownFileType = sourcecode.c.h; path = KZColorPickerAlphaSlider.h; sourceTree = "<group>"; };
		B416E69F1D6AF94D002930E6 /* KZColorPickerAlphaSlider.m */ = {isa = PBXFileReference; fileEncoding = 4; lastKnownFileType = sourcecode.c.objc; path = KZColorPickerAlphaSlider.m; sourceTree = "<group>"; };
		B416E6A01D6AF94D002930E6 /* KZColorPickerBrightnessSlider.h */ = {isa = PBXFileReference; fileEncoding = 4; lastKnownFileType = sourcecode.c.h; path = KZColorPickerBrightnessSlider.h; sourceTree = "<group>"; };
		B416E6A11D6AF94D002930E6 /* KZColorPickerBrightnessSlider.m */ = {isa = PBXFileReference; fileEncoding = 4; lastKnownFileType = sourcecode.c.objc; path = KZColorPickerBrightnessSlider.m; sourceTree = "<group>"; };
		B416E6A21D6AF94D002930E6 /* KZColorPickerHSWheel.h */ = {isa = PBXFileReference; fileEncoding = 4; lastKnownFileType = sourcecode.c.h; path = KZColorPickerHSWheel.h; sourceTree = "<group>"; };
		B416E6A31D6AF94D002930E6 /* KZColorPickerHSWheel.m */ = {isa = PBXFileReference; fileEncoding = 4; lastKnownFileType = sourcecode.c.objc; path = KZColorPickerHSWheel.m; sourceTree = "<group>"; };
		B416E6A41D6AF94D002930E6 /* KZColorPickerSwatchView.h */ = {isa = PBXFileReference; fileEncoding = 4; lastKnownFileType = sourcecode.c.h; path = KZColorPickerSwatchView.h; sourceTree = "<group>"; };
		B416E6A51D6AF94D002930E6 /* KZColorPickerSwatchView.m */ = {isa = PBXFileReference; fileEncoding = 4; lastKnownFileType = sourcecode.c.objc; path = KZColorPickerSwatchView.m; sourceTree = "<group>"; };
		B416E6A61D6AF94D002930E6 /* KZUnitSlider.h */ = {isa = PBXFileReference; fileEncoding = 4; lastKnownFileType = sourcecode.c.h; path = KZUnitSlider.h; sourceTree = "<group>"; };
		B416E6A71D6AF94D002930E6 /* KZUnitSlider.m */ = {isa = PBXFileReference; fileEncoding = 4; lastKnownFileType = sourcecode.c.objc; path = KZUnitSlider.m; sourceTree = "<group>"; };
		B416E6A81D6AF94D002930E6 /* pickerColorWheel.png */ = {isa = PBXFileReference; lastKnownFileType = image.png; path = pickerColorWheel.png; sourceTree = "<group>"; };
		B416E6A91D6AF94D002930E6 /* pickerColorWheel@2x.png */ = {isa = PBXFileReference; lastKnownFileType = image.png; path = "pickerColorWheel@2x.png"; sourceTree = "<group>"; };
		B416E6AA1D6AF94D002930E6 /* UIColor-Expanded.h */ = {isa = PBXFileReference; fileEncoding = 4; lastKnownFileType = sourcecode.c.h; path = "UIColor-Expanded.h"; sourceTree = "<group>"; };
		B416E6AB1D6AF94D002930E6 /* UIColor-Expanded.m */ = {isa = PBXFileReference; fileEncoding = 4; lastKnownFileType = sourcecode.c.objc; path = "UIColor-Expanded.m"; sourceTree = "<group>"; };
		B4ACD1111DADD53800906BCC /* Constraint.swift */ = {isa = PBXFileReference; fileEncoding = 4; lastKnownFileType = sourcecode.swift; path = Constraint.swift; sourceTree = "<group>"; };
		B4ACD1121DADD53800906BCC /* ConstraintAttributes.swift */ = {isa = PBXFileReference; fileEncoding = 4; lastKnownFileType = sourcecode.swift; path = ConstraintAttributes.swift; sourceTree = "<group>"; };
		B4ACD1131DADD53800906BCC /* ConstraintConfig.swift */ = {isa = PBXFileReference; fileEncoding = 4; lastKnownFileType = sourcecode.swift; path = ConstraintConfig.swift; sourceTree = "<group>"; };
		B4ACD1141DADD53800906BCC /* ConstraintConstantTarget.swift */ = {isa = PBXFileReference; fileEncoding = 4; lastKnownFileType = sourcecode.swift; path = ConstraintConstantTarget.swift; sourceTree = "<group>"; };
		B4ACD1151DADD53800906BCC /* ConstraintDescription.swift */ = {isa = PBXFileReference; fileEncoding = 4; lastKnownFileType = sourcecode.swift; path = ConstraintDescription.swift; sourceTree = "<group>"; };
		B4ACD1161DADD53800906BCC /* ConstraintDSL.swift */ = {isa = PBXFileReference; fileEncoding = 4; lastKnownFileType = sourcecode.swift; path = ConstraintDSL.swift; sourceTree = "<group>"; };
		B4ACD1171DADD53800906BCC /* ConstraintInsets.swift */ = {isa = PBXFileReference; fileEncoding = 4; lastKnownFileType = sourcecode.swift; path = ConstraintInsets.swift; sourceTree = "<group>"; };
		B4ACD1181DADD53800906BCC /* ConstraintInsetTarget.swift */ = {isa = PBXFileReference; fileEncoding = 4; lastKnownFileType = sourcecode.swift; path = ConstraintInsetTarget.swift; sourceTree = "<group>"; };
		B4ACD1191DADD53800906BCC /* ConstraintItem.swift */ = {isa = PBXFileReference; fileEncoding = 4; lastKnownFileType = sourcecode.swift; path = ConstraintItem.swift; sourceTree = "<group>"; };
		B4ACD11A1DADD53800906BCC /* ConstraintLayoutGuide+Extensions.swift */ = {isa = PBXFileReference; fileEncoding = 4; lastKnownFileType = sourcecode.swift; path = "ConstraintLayoutGuide+Extensions.swift"; sourceTree = "<group>"; };
		B4ACD11B1DADD53800906BCC /* ConstraintLayoutGuide.swift */ = {isa = PBXFileReference; fileEncoding = 4; lastKnownFileType = sourcecode.swift; path = ConstraintLayoutGuide.swift; sourceTree = "<group>"; };
		B4ACD11C1DADD53800906BCC /* ConstraintLayoutGuideDSL.swift */ = {isa = PBXFileReference; fileEncoding = 4; lastKnownFileType = sourcecode.swift; path = ConstraintLayoutGuideDSL.swift; sourceTree = "<group>"; };
		B4ACD11D1DADD53800906BCC /* ConstraintLayoutSupport.swift */ = {isa = PBXFileReference; fileEncoding = 4; lastKnownFileType = sourcecode.swift; path = ConstraintLayoutSupport.swift; sourceTree = "<group>"; };
		B4ACD11E1DADD53800906BCC /* ConstraintLayoutSupportDSL.swift */ = {isa = PBXFileReference; fileEncoding = 4; lastKnownFileType = sourcecode.swift; path = ConstraintLayoutSupportDSL.swift; sourceTree = "<group>"; };
		B4ACD11F1DADD53800906BCC /* ConstraintMaker.swift */ = {isa = PBXFileReference; fileEncoding = 4; lastKnownFileType = sourcecode.swift; path = ConstraintMaker.swift; sourceTree = "<group>"; };
		B4ACD1201DADD53800906BCC /* ConstraintMakerEditable.swift */ = {isa = PBXFileReference; fileEncoding = 4; lastKnownFileType = sourcecode.swift; path = ConstraintMakerEditable.swift; sourceTree = "<group>"; };
		B4ACD1211DADD53800906BCC /* ConstraintMakerExtendable.swift */ = {isa = PBXFileReference; fileEncoding = 4; lastKnownFileType = sourcecode.swift; path = ConstraintMakerExtendable.swift; sourceTree = "<group>"; };
		B4ACD1221DADD53800906BCC /* ConstraintMakerFinalizable.swift */ = {isa = PBXFileReference; fileEncoding = 4; lastKnownFileType = sourcecode.swift; path = ConstraintMakerFinalizable.swift; sourceTree = "<group>"; };
		B4ACD1231DADD53800906BCC /* ConstraintMakerPriortizable.swift */ = {isa = PBXFileReference; fileEncoding = 4; lastKnownFileType = sourcecode.swift; path = ConstraintMakerPriortizable.swift; sourceTree = "<group>"; };
		B4ACD1241DADD53800906BCC /* ConstraintMakerRelatable.swift */ = {isa = PBXFileReference; fileEncoding = 4; lastKnownFileType = sourcecode.swift; path = ConstraintMakerRelatable.swift; sourceTree = "<group>"; };
		B4ACD1251DADD53800906BCC /* ConstraintMultiplierTarget.swift */ = {isa = PBXFileReference; fileEncoding = 4; lastKnownFileType = sourcecode.swift; path = ConstraintMultiplierTarget.swift; sourceTree = "<group>"; };
		B4ACD1261DADD53800906BCC /* ConstraintOffsetTarget.swift */ = {isa = PBXFileReference; fileEncoding = 4; lastKnownFileType = sourcecode.swift; path = ConstraintOffsetTarget.swift; sourceTree = "<group>"; };
		B4ACD1271DADD53800906BCC /* ConstraintPriorityTarget.swift */ = {isa = PBXFileReference; fileEncoding = 4; lastKnownFileType = sourcecode.swift; path = ConstraintPriorityTarget.swift; sourceTree = "<group>"; };
		B4ACD1281DADD53800906BCC /* ConstraintRelatableTarget.swift */ = {isa = PBXFileReference; fileEncoding = 4; lastKnownFileType = sourcecode.swift; path = ConstraintRelatableTarget.swift; sourceTree = "<group>"; };
		B4ACD1291DADD53800906BCC /* ConstraintRelation.swift */ = {isa = PBXFileReference; fileEncoding = 4; lastKnownFileType = sourcecode.swift; path = ConstraintRelation.swift; sourceTree = "<group>"; };
		B4ACD12A1DADD53800906BCC /* ConstraintView+Extensions.swift */ = {isa = PBXFileReference; fileEncoding = 4; lastKnownFileType = sourcecode.swift; path = "ConstraintView+Extensions.swift"; sourceTree = "<group>"; };
		B4ACD12B1DADD53800906BCC /* ConstraintView.swift */ = {isa = PBXFileReference; fileEncoding = 4; lastKnownFileType = sourcecode.swift; path = ConstraintView.swift; sourceTree = "<group>"; };
		B4ACD12C1DADD53800906BCC /* ConstraintViewDSL.swift */ = {isa = PBXFileReference; fileEncoding = 4; lastKnownFileType = sourcecode.swift; path = ConstraintViewDSL.swift; sourceTree = "<group>"; };
		B4ACD12D1DADD53800906BCC /* Debugging.swift */ = {isa = PBXFileReference; fileEncoding = 4; lastKnownFileType = sourcecode.swift; path = Debugging.swift; sourceTree = "<group>"; };
		B4ACD12E1DADD53800906BCC /* Info.plist */ = {isa = PBXFileReference; fileEncoding = 4; lastKnownFileType = text.plist.xml; path = Info.plist; sourceTree = "<group>"; };
		B4ACD12F1DADD53800906BCC /* LayoutConstraint.swift */ = {isa = PBXFileReference; fileEncoding = 4; lastKnownFileType = sourcecode.swift; path = LayoutConstraint.swift; sourceTree = "<group>"; };
		B4ACD1301DADD53800906BCC /* LayoutConstraintItem.swift */ = {isa = PBXFileReference; fileEncoding = 4; lastKnownFileType = sourcecode.swift; path = LayoutConstraintItem.swift; sourceTree = "<group>"; };
		B4ACD1311DADD53800906BCC /* SnapKit.h */ = {isa = PBXFileReference; fileEncoding = 4; lastKnownFileType = sourcecode.c.h; path = SnapKit.h; sourceTree = "<group>"; };
		B4ACD1321DADD53800906BCC /* UILayoutSupport+Extensions.swift */ = {isa = PBXFileReference; fileEncoding = 4; lastKnownFileType = sourcecode.swift; path = "UILayoutSupport+Extensions.swift"; sourceTree = "<group>"; };
		B4CEBB241D6EDDA3000C5620 /* CPCanvasView.swift */ = {isa = PBXFileReference; fileEncoding = 4; lastKnownFileType = sourcecode.swift; path = CPCanvasView.swift; sourceTree = "<group>"; };
		B4CEBB261D6EDDBA000C5620 /* CPCanvasViewController.swift */ = {isa = PBXFileReference; fileEncoding = 4; lastKnownFileType = sourcecode.swift; path = CPCanvasViewController.swift; sourceTree = "<group>"; };
/* End PBXFileReference section */

/* Begin PBXFrameworksBuildPhase section */
		6552DB2F1D4B3596001DB5BD /* Frameworks */ = {
			isa = PBXFrameworksBuildPhase;
			buildActionMask = 2147483647;
			files = (
			);
			runOnlyForDeploymentPostprocessing = 0;
		};
		6552DB431D4B3596001DB5BD /* Frameworks */ = {
			isa = PBXFrameworksBuildPhase;
			buildActionMask = 2147483647;
			files = (
			);
			runOnlyForDeploymentPostprocessing = 0;
		};
		6552DB4E1D4B3596001DB5BD /* Frameworks */ = {
			isa = PBXFrameworksBuildPhase;
			buildActionMask = 2147483647;
			files = (
			);
			runOnlyForDeploymentPostprocessing = 0;
		};
/* End PBXFrameworksBuildPhase section */

/* Begin PBXGroup section */
		6552DB291D4B3596001DB5BD = {
			isa = PBXGroup;
			children = (
				6552DB341D4B3596001DB5BD /* CoolPhotos */,
				6552DB491D4B3596001DB5BD /* CoolPhotosTests */,
				6552DB541D4B3596001DB5BD /* CoolPhotosUITests */,
				6552DB331D4B3596001DB5BD /* Products */,
			);
			sourceTree = "<group>";
		};
		6552DB331D4B3596001DB5BD /* Products */ = {
			isa = PBXGroup;
			children = (
				6552DB321D4B3596001DB5BD /* CoolPhotos.app */,
				6552DB461D4B3596001DB5BD /* CoolPhotosTests.xctest */,
				6552DB511D4B3596001DB5BD /* CoolPhotosUITests.xctest */,
			);
			name = Products;
			sourceTree = "<group>";
		};
		6552DB341D4B3596001DB5BD /* CoolPhotos */ = {
			isa = PBXGroup;
			children = (
				6552DB351D4B3596001DB5BD /* AppDelegate.swift */,
				6552DB631D4B3885001DB5BD /* Common */,
				6552DB6C1D4B3886001DB5BD /* Src */,
				6552DB681D4B3886001DB5BD /* Resources */,
				6552DB391D4B3596001DB5BD /* Main.storyboard */,
				6552DB3C1D4B3596001DB5BD /* Assets.xcassets */,
				6552DB3E1D4B3596001DB5BD /* LaunchScreen.storyboard */,
				6552DB411D4B3596001DB5BD /* Info.plist */,
				6552DB671D4B3885001DB5BD /* Frameworks */,
			);
			path = CoolPhotos;
			sourceTree = "<group>";
		};
		6552DB491D4B3596001DB5BD /* CoolPhotosTests */ = {
			isa = PBXGroup;
			children = (
				6552DB4A1D4B3596001DB5BD /* CoolPhotosTests.swift */,
				6552DB4C1D4B3596001DB5BD /* Info.plist */,
			);
			path = CoolPhotosTests;
			sourceTree = "<group>";
		};
		6552DB541D4B3596001DB5BD /* CoolPhotosUITests */ = {
			isa = PBXGroup;
			children = (
				6552DB551D4B3596001DB5BD /* CoolPhotosUITests.swift */,
				6552DB571D4B3596001DB5BD /* Info.plist */,
			);
			path = CoolPhotosUITests;
			sourceTree = "<group>";
		};
		6552DB631D4B3885001DB5BD /* Common */ = {
			isa = PBXGroup;
			children = (
				65E278791D4F4C0600A4AB4E /* BaseUI */,
				6552DB641D4B3885001DB5BD /* 3rdparty */,
				6552DB651D4B3885001DB5BD /* CPThemeManager */,
				6552DB661D4B3885001DB5BD /* CPTools */,
			);
			path = Common;
			sourceTree = "<group>";
		};
		6552DB641D4B3885001DB5BD /* 3rdparty */ = {
			isa = PBXGroup;
			children = (
				B4ACD1101DADD53800906BCC /* SnapKit */,
				B416E6931D6AF94D002930E6 /* KZColorPicker */,
			);
			path = 3rdparty;
			sourceTree = "<group>";
		};
		6552DB651D4B3885001DB5BD /* CPThemeManager */ = {
			isa = PBXGroup;
			children = (
				6552DB8B1D4B3A2C001DB5BD /* CPThemeManager.swift */,
				657985551D4EE76200BDFD0B /* CPStyle.swift */,
			);
			path = CPThemeManager;
			sourceTree = "<group>";
		};
		6552DB661D4B3885001DB5BD /* CPTools */ = {
			isa = PBXGroup;
			children = (
				65E2787C1D4F508F00A4AB4E /* CPObjectExtension.swift */,
			);
			path = CPTools;
			sourceTree = "<group>";
		};
		6552DB671D4B3885001DB5BD /* Frameworks */ = {
			isa = PBXGroup;
			children = (
			);
			path = Frameworks;
			sourceTree = "<group>";
		};
		6552DB681D4B3886001DB5BD /* Resources */ = {
			isa = PBXGroup;
			children = (
				6552DB691D4B3886001DB5BD /* Themes */,
			);
			path = Resources;
			sourceTree = "<group>";
		};
		6552DB691D4B3886001DB5BD /* Themes */ = {
			isa = PBXGroup;
			children = (
				6552DB6A1D4B3886001DB5BD /* blackTheme.bundle */,
				6552DB6B1D4B3886001DB5BD /* blueTheme.bundle */,
			);
			path = Themes;
			sourceTree = "<group>";
		};
		6552DB6C1D4B3886001DB5BD /* Src */ = {
			isa = PBXGroup;
			children = (
				658AA4781D51C29F0077FA3B /* HomePageModule */,
				B4CEBB1D1D6EDCF1000C5620 /* DrawModule */,
				658AA47C1D51C29F0077FA3B /* PhotoModule */,
			);
			path = Src;
			sourceTree = "<group>";
		};
		658AA4781D51C29F0077FA3B /* HomePageModule */ = {
			isa = PBXGroup;
			children = (
				658AA4791D51C29F0077FA3B /* Model */,
				658AA47A1D51C29F0077FA3B /* View */,
				658AA47B1D51C29F0077FA3B /* ViewController */,
			);
			path = HomePageModule;
			sourceTree = "<group>";
		};
		658AA4791D51C29F0077FA3B /* Model */ = {
			isa = PBXGroup;
			children = (
			);
			path = Model;
			sourceTree = "<group>";
		};
		658AA47A1D51C29F0077FA3B /* View */ = {
			isa = PBXGroup;
			children = (
			);
			path = View;
			sourceTree = "<group>";
		};
		658AA47B1D51C29F0077FA3B /* ViewController */ = {
			isa = PBXGroup;
			children = (
				658AA47D1D51C35B0077FA3B /* CPHomePageViewController.swift */,
			);
			path = ViewController;
			sourceTree = "<group>";
		};
		658AA47C1D51C29F0077FA3B /* PhotoModule */ = {
			isa = PBXGroup;
			children = (
			);
			path = PhotoModule;
			sourceTree = "<group>";
		};
		65E278791D4F4C0600A4AB4E /* BaseUI */ = {
			isa = PBXGroup;
			children = (
				65E2787A1D4F4C2800A4AB4E /* CPBaseViewController.swift */,
			);
			path = BaseUI;
			sourceTree = "<group>";
		};
		B416E6931D6AF94D002930E6 /* KZColorPicker */ = {
			isa = PBXGroup;
			children = (
				B416E6941D6AF94D002930E6 /* checkerboard.png */,
				B416E6951D6AF94D002930E6 /* checkerboard@2x.png */,
				B416E6961D6AF94D002930E6 /* colorPickerKnob.png */,
				B416E6971D6AF94D002930E6 /* colorPickerKnob@2x.png */,
				B416E6981D6AF94D002930E6 /* HSV.c */,
				B416E6991D6AF94D002930E6 /* HSV.h */,
				B416E69A1D6AF94D002930E6 /* KZColorCompareView.h */,
				B416E69B1D6AF94D002930E6 /* KZColorCompareView.m */,
				B416E69C1D6AF94D002930E6 /* KZColorPicker.h */,
				B416E69D1D6AF94D002930E6 /* KZColorPicker.m */,
				B416E69E1D6AF94D002930E6 /* KZColorPickerAlphaSlider.h */,
				B416E69F1D6AF94D002930E6 /* KZColorPickerAlphaSlider.m */,
				B416E6A01D6AF94D002930E6 /* KZColorPickerBrightnessSlider.h */,
				B416E6A11D6AF94D002930E6 /* KZColorPickerBrightnessSlider.m */,
				B416E6A21D6AF94D002930E6 /* KZColorPickerHSWheel.h */,
				B416E6A31D6AF94D002930E6 /* KZColorPickerHSWheel.m */,
				B416E6A41D6AF94D002930E6 /* KZColorPickerSwatchView.h */,
				B416E6A51D6AF94D002930E6 /* KZColorPickerSwatchView.m */,
				B416E6A61D6AF94D002930E6 /* KZUnitSlider.h */,
				B416E6A71D6AF94D002930E6 /* KZUnitSlider.m */,
				B416E6A81D6AF94D002930E6 /* pickerColorWheel.png */,
				B416E6A91D6AF94D002930E6 /* pickerColorWheel@2x.png */,
				B416E6AA1D6AF94D002930E6 /* UIColor-Expanded.h */,
				B416E6AB1D6AF94D002930E6 /* UIColor-Expanded.m */,
			);
			path = KZColorPicker;
			sourceTree = "<group>";
		};
		B4ACD1101DADD53800906BCC /* SnapKit */ = {
			isa = PBXGroup;
			children = (
				B4ACD1111DADD53800906BCC /* Constraint.swift */,
				B4ACD1121DADD53800906BCC /* ConstraintAttributes.swift */,
				B4ACD1131DADD53800906BCC /* ConstraintConfig.swift */,
				B4ACD1141DADD53800906BCC /* ConstraintConstantTarget.swift */,
				B4ACD1151DADD53800906BCC /* ConstraintDescription.swift */,
				B4ACD1161DADD53800906BCC /* ConstraintDSL.swift */,
				B4ACD1171DADD53800906BCC /* ConstraintInsets.swift */,
				B4ACD1181DADD53800906BCC /* ConstraintInsetTarget.swift */,
				B4ACD1191DADD53800906BCC /* ConstraintItem.swift */,
				B4ACD11A1DADD53800906BCC /* ConstraintLayoutGuide+Extensions.swift */,
				B4ACD11B1DADD53800906BCC /* ConstraintLayoutGuide.swift */,
				B4ACD11C1DADD53800906BCC /* ConstraintLayoutGuideDSL.swift */,
				B4ACD11D1DADD53800906BCC /* ConstraintLayoutSupport.swift */,
				B4ACD11E1DADD53800906BCC /* ConstraintLayoutSupportDSL.swift */,
				B4ACD11F1DADD53800906BCC /* ConstraintMaker.swift */,
				B4ACD1201DADD53800906BCC /* ConstraintMakerEditable.swift */,
				B4ACD1211DADD53800906BCC /* ConstraintMakerExtendable.swift */,
				B4ACD1221DADD53800906BCC /* ConstraintMakerFinalizable.swift */,
				B4ACD1231DADD53800906BCC /* ConstraintMakerPriortizable.swift */,
				B4ACD1241DADD53800906BCC /* ConstraintMakerRelatable.swift */,
				B4ACD1251DADD53800906BCC /* ConstraintMultiplierTarget.swift */,
				B4ACD1261DADD53800906BCC /* ConstraintOffsetTarget.swift */,
				B4ACD1271DADD53800906BCC /* ConstraintPriorityTarget.swift */,
				B4ACD1281DADD53800906BCC /* ConstraintRelatableTarget.swift */,
				B4ACD1291DADD53800906BCC /* ConstraintRelation.swift */,
				B4ACD12A1DADD53800906BCC /* ConstraintView+Extensions.swift */,
				B4ACD12B1DADD53800906BCC /* ConstraintView.swift */,
				B4ACD12C1DADD53800906BCC /* ConstraintViewDSL.swift */,
				B4ACD12D1DADD53800906BCC /* Debugging.swift */,
				B4ACD12E1DADD53800906BCC /* Info.plist */,
				B4ACD12F1DADD53800906BCC /* LayoutConstraint.swift */,
				B4ACD1301DADD53800906BCC /* LayoutConstraintItem.swift */,
				B4ACD1311DADD53800906BCC /* SnapKit.h */,
				B4ACD1321DADD53800906BCC /* UILayoutSupport+Extensions.swift */,
			);
			path = SnapKit;
			sourceTree = "<group>";
		};
		B4CEBB1D1D6EDCF1000C5620 /* DrawModule */ = {
			isa = PBXGroup;
			children = (
				B4CEBB1E1D6EDCF1000C5620 /* View */,
				B4CEBB1F1D6EDCF1000C5620 /* ViewController */,
			);
			path = DrawModule;
			sourceTree = "<group>";
		};
		B4CEBB1E1D6EDCF1000C5620 /* View */ = {
			isa = PBXGroup;
			children = (
				B4CEBB241D6EDDA3000C5620 /* CPCanvasView.swift */,
			);
			path = View;
			sourceTree = "<group>";
		};
		B4CEBB1F1D6EDCF1000C5620 /* ViewController */ = {
			isa = PBXGroup;
			children = (
				B4CEBB261D6EDDBA000C5620 /* CPCanvasViewController.swift */,
			);
			path = ViewController;
			sourceTree = "<group>";
		};
/* End PBXGroup section */

/* Begin PBXNativeTarget section */
		6552DB311D4B3596001DB5BD /* CoolPhotos */ = {
			isa = PBXNativeTarget;
			buildConfigurationList = 6552DB5A1D4B3596001DB5BD /* Build configuration list for PBXNativeTarget "CoolPhotos" */;
			buildPhases = (
				6552DB2E1D4B3596001DB5BD /* Sources */,
				6552DB2F1D4B3596001DB5BD /* Frameworks */,
				6552DB301D4B3596001DB5BD /* Resources */,
			);
			buildRules = (
			);
			dependencies = (
			);
			name = CoolPhotos;
			productName = CoolPhotos;
			productReference = 6552DB321D4B3596001DB5BD /* CoolPhotos.app */;
			productType = "com.apple.product-type.application";
		};
		6552DB451D4B3596001DB5BD /* CoolPhotosTests */ = {
			isa = PBXNativeTarget;
			buildConfigurationList = 6552DB5D1D4B3596001DB5BD /* Build configuration list for PBXNativeTarget "CoolPhotosTests" */;
			buildPhases = (
				6552DB421D4B3596001DB5BD /* Sources */,
				6552DB431D4B3596001DB5BD /* Frameworks */,
				6552DB441D4B3596001DB5BD /* Resources */,
			);
			buildRules = (
			);
			dependencies = (
				6552DB481D4B3596001DB5BD /* PBXTargetDependency */,
			);
			name = CoolPhotosTests;
			productName = CoolPhotosTests;
			productReference = 6552DB461D4B3596001DB5BD /* CoolPhotosTests.xctest */;
			productType = "com.apple.product-type.bundle.unit-test";
		};
		6552DB501D4B3596001DB5BD /* CoolPhotosUITests */ = {
			isa = PBXNativeTarget;
			buildConfigurationList = 6552DB601D4B3596001DB5BD /* Build configuration list for PBXNativeTarget "CoolPhotosUITests" */;
			buildPhases = (
				6552DB4D1D4B3596001DB5BD /* Sources */,
				6552DB4E1D4B3596001DB5BD /* Frameworks */,
				6552DB4F1D4B3596001DB5BD /* Resources */,
			);
			buildRules = (
			);
			dependencies = (
				6552DB531D4B3596001DB5BD /* PBXTargetDependency */,
			);
			name = CoolPhotosUITests;
			productName = CoolPhotosUITests;
			productReference = 6552DB511D4B3596001DB5BD /* CoolPhotosUITests.xctest */;
			productType = "com.apple.product-type.bundle.ui-testing";
		};
/* End PBXNativeTarget section */

/* Begin PBXProject section */
		6552DB2A1D4B3596001DB5BD /* Project object */ = {
			isa = PBXProject;
			attributes = {
				CLASSPREFIX = CP;
				LastSwiftUpdateCheck = 0730;
				LastUpgradeCheck = 0730;
				ORGANIZATIONNAME = DYH;
				TargetAttributes = {
					6552DB311D4B3596001DB5BD = {
						CreatedOnToolsVersion = 7.3;
						DevelopmentTeam = 8X2A38Q9VD;
						LastSwiftMigration = 0800;
					};
					6552DB451D4B3596001DB5BD = {
						CreatedOnToolsVersion = 7.3;
						LastSwiftMigration = 0800;
						TestTargetID = 6552DB311D4B3596001DB5BD;
					};
					6552DB501D4B3596001DB5BD = {
						CreatedOnToolsVersion = 7.3;
						LastSwiftMigration = 0800;
						TestTargetID = 6552DB311D4B3596001DB5BD;
					};
				};
			};
			buildConfigurationList = 6552DB2D1D4B3596001DB5BD /* Build configuration list for PBXProject "CoolPhotos" */;
			compatibilityVersion = "Xcode 3.2";
			developmentRegion = English;
			hasScannedForEncodings = 0;
			knownRegions = (
				en,
				Base,
			);
			mainGroup = 6552DB291D4B3596001DB5BD;
			productRefGroup = 6552DB331D4B3596001DB5BD /* Products */;
			projectDirPath = "";
			projectRoot = "";
			targets = (
				6552DB311D4B3596001DB5BD /* CoolPhotos */,
				6552DB451D4B3596001DB5BD /* CoolPhotosTests */,
				6552DB501D4B3596001DB5BD /* CoolPhotosUITests */,
			);
		};
/* End PBXProject section */

/* Begin PBXResourcesBuildPhase section */
		6552DB301D4B3596001DB5BD /* Resources */ = {
			isa = PBXResourcesBuildPhase;
			buildActionMask = 2147483647;
			files = (
				B416E6AF1D6AF94D002930E6 /* colorPickerKnob@2x.png in Resources */,
				6552DB6E1D4B3886001DB5BD /* blueTheme.bundle in Resources */,
				6552DB401D4B3596001DB5BD /* LaunchScreen.storyboard in Resources */,
				6552DB6D1D4B3886001DB5BD /* blackTheme.bundle in Resources */,
				6552DB3D1D4B3596001DB5BD /* Assets.xcassets in Resources */,
				B416E6B91D6AF94D002930E6 /* pickerColorWheel@2x.png in Resources */,
				B416E6AD1D6AF94D002930E6 /* checkerboard@2x.png in Resources */,
				B416E6AC1D6AF94D002930E6 /* checkerboard.png in Resources */,
				B4ACD1501DADD53800906BCC /* Info.plist in Resources */,
				6552DB3B1D4B3596001DB5BD /* Main.storyboard in Resources */,
				B416E6B81D6AF94D002930E6 /* pickerColorWheel.png in Resources */,
				B416E6AE1D6AF94D002930E6 /* colorPickerKnob.png in Resources */,
			);
			runOnlyForDeploymentPostprocessing = 0;
		};
		6552DB441D4B3596001DB5BD /* Resources */ = {
			isa = PBXResourcesBuildPhase;
			buildActionMask = 2147483647;
			files = (
			);
			runOnlyForDeploymentPostprocessing = 0;
		};
		6552DB4F1D4B3596001DB5BD /* Resources */ = {
			isa = PBXResourcesBuildPhase;
			buildActionMask = 2147483647;
			files = (
			);
			runOnlyForDeploymentPostprocessing = 0;
		};
/* End PBXResourcesBuildPhase section */

/* Begin PBXSourcesBuildPhase section */
		6552DB2E1D4B3596001DB5BD /* Sources */ = {
			isa = PBXSourcesBuildPhase;
			buildActionMask = 2147483647;
			files = (
				B4ACD1331DADD53800906BCC /* Constraint.swift in Sources */,
				B4ACD1531DADD53800906BCC /* UILayoutSupport+Extensions.swift in Sources */,
				6552DB8C1D4B3A2C001DB5BD /* CPThemeManager.swift in Sources */,
				B4CEBB251D6EDDA3000C5620 /* CPCanvasView.swift in Sources */,
				B4ACD1361DADD53800906BCC /* ConstraintConstantTarget.swift in Sources */,
				B4ACD1481DADD53800906BCC /* ConstraintOffsetTarget.swift in Sources */,
				B416E6B71D6AF94D002930E6 /* KZUnitSlider.m in Sources */,
				B4ACD1411DADD53800906BCC /* ConstraintMaker.swift in Sources */,
				B4ACD1491DADD53800906BCC /* ConstraintPriorityTarget.swift in Sources */,
				B416E6B61D6AF94D002930E6 /* KZColorPickerSwatchView.m in Sources */,
				6552DB361D4B3596001DB5BD /* AppDelegate.swift in Sources */,
				B4ACD14F1DADD53800906BCC /* Debugging.swift in Sources */,
				B4ACD14B1DADD53800906BCC /* ConstraintRelation.swift in Sources */,
				B416E6B11D6AF94D002930E6 /* KZColorCompareView.m in Sources */,
				B416E6B51D6AF94D002930E6 /* KZColorPickerHSWheel.m in Sources */,
				B4ACD13E1DADD53800906BCC /* ConstraintLayoutGuideDSL.swift in Sources */,
				657985561D4EE76200BDFD0B /* CPStyle.swift in Sources */,
				B4ACD1401DADD53800906BCC /* ConstraintLayoutSupportDSL.swift in Sources */,
				65E2787D1D4F508F00A4AB4E /* CPObjectExtension.swift in Sources */,
				B416E6BA1D6AF94D002930E6 /* UIColor-Expanded.m in Sources */,
				B4ACD14A1DADD53800906BCC /* ConstraintRelatableTarget.swift in Sources */,
				B4ACD1431DADD53800906BCC /* ConstraintMakerExtendable.swift in Sources */,
				B4ACD1511DADD53800906BCC /* LayoutConstraint.swift in Sources */,
				B4ACD1391DADD53800906BCC /* ConstraintInsets.swift in Sources */,
				B4ACD1521DADD53800906BCC /* LayoutConstraintItem.swift in Sources */,
				B416E6B41D6AF94D002930E6 /* KZColorPickerBrightnessSlider.m in Sources */,
				B4ACD1471DADD53800906BCC /* ConstraintMultiplierTarget.swift in Sources */,
				B4ACD14D1DADD53800906BCC /* ConstraintView.swift in Sources */,
				B4ACD14C1DADD53800906BCC /* ConstraintView+Extensions.swift in Sources */,
				B4CEBB271D6EDDBA000C5620 /* CPCanvasViewController.swift in Sources */,
				B4ACD14E1DADD53800906BCC /* ConstraintViewDSL.swift in Sources */,
				B4ACD1421DADD53800906BCC /* ConstraintMakerEditable.swift in Sources */,
				B4ACD13B1DADD53800906BCC /* ConstraintItem.swift in Sources */,
				B4ACD1461DADD53800906BCC /* ConstraintMakerRelatable.swift in Sources */,
				B4ACD13C1DADD53800906BCC /* ConstraintLayoutGuide+Extensions.swift in Sources */,
				B416E6B31D6AF94D002930E6 /* KZColorPickerAlphaSlider.m in Sources */,
				658AA47E1D51C35B0077FA3B /* CPHomePageViewController.swift in Sources */,
				65E2787B1D4F4C2800A4AB4E /* CPBaseViewController.swift in Sources */,
				B4ACD1351DADD53800906BCC /* ConstraintConfig.swift in Sources */,
				B4ACD13A1DADD53800906BCC /* ConstraintInsetTarget.swift in Sources */,
				B4ACD1341DADD53800906BCC /* ConstraintAttributes.swift in Sources */,
				B416E6B21D6AF94D002930E6 /* KZColorPicker.m in Sources */,
				B416E6B01D6AF94D002930E6 /* HSV.c in Sources */,
				B4ACD1371DADD53800906BCC /* ConstraintDescription.swift in Sources */,
				B4ACD1381DADD53800906BCC /* ConstraintDSL.swift in Sources */,
				B4ACD1451DADD53800906BCC /* ConstraintMakerPriortizable.swift in Sources */,
				B4ACD1441DADD53800906BCC /* ConstraintMakerFinalizable.swift in Sources */,
				B4ACD13F1DADD53800906BCC /* ConstraintLayoutSupport.swift in Sources */,
				B4ACD13D1DADD53800906BCC /* ConstraintLayoutGuide.swift in Sources */,
			);
			runOnlyForDeploymentPostprocessing = 0;
		};
		6552DB421D4B3596001DB5BD /* Sources */ = {
			isa = PBXSourcesBuildPhase;
			buildActionMask = 2147483647;
			files = (
				6552DB4B1D4B3596001DB5BD /* CoolPhotosTests.swift in Sources */,
			);
			runOnlyForDeploymentPostprocessing = 0;
		};
		6552DB4D1D4B3596001DB5BD /* Sources */ = {
			isa = PBXSourcesBuildPhase;
			buildActionMask = 2147483647;
			files = (
				6552DB561D4B3596001DB5BD /* CoolPhotosUITests.swift in Sources */,
			);
			runOnlyForDeploymentPostprocessing = 0;
		};
/* End PBXSourcesBuildPhase section */

/* Begin PBXTargetDependency section */
		6552DB481D4B3596001DB5BD /* PBXTargetDependency */ = {
			isa = PBXTargetDependency;
			target = 6552DB311D4B3596001DB5BD /* CoolPhotos */;
			targetProxy = 6552DB471D4B3596001DB5BD /* PBXContainerItemProxy */;
		};
		6552DB531D4B3596001DB5BD /* PBXTargetDependency */ = {
			isa = PBXTargetDependency;
			target = 6552DB311D4B3596001DB5BD /* CoolPhotos */;
			targetProxy = 6552DB521D4B3596001DB5BD /* PBXContainerItemProxy */;
		};
/* End PBXTargetDependency section */

/* Begin PBXVariantGroup section */
		6552DB391D4B3596001DB5BD /* Main.storyboard */ = {
			isa = PBXVariantGroup;
			children = (
				6552DB3A1D4B3596001DB5BD /* Base */,
			);
			name = Main.storyboard;
			sourceTree = "<group>";
		};
		6552DB3E1D4B3596001DB5BD /* LaunchScreen.storyboard */ = {
			isa = PBXVariantGroup;
			children = (
				6552DB3F1D4B3596001DB5BD /* Base */,
			);
			name = LaunchScreen.storyboard;
			sourceTree = "<group>";
		};
/* End PBXVariantGroup section */

/* Begin XCBuildConfiguration section */
		6552DB581D4B3596001DB5BD /* Debug */ = {
			isa = XCBuildConfiguration;
			buildSettings = {
				ALWAYS_SEARCH_USER_PATHS = NO;
				CLANG_ANALYZER_NONNULL = YES;
				CLANG_CXX_LANGUAGE_STANDARD = "gnu++0x";
				CLANG_CXX_LIBRARY = "libc++";
				CLANG_ENABLE_MODULES = YES;
				CLANG_ENABLE_OBJC_ARC = YES;
				CLANG_WARN_BOOL_CONVERSION = YES;
				CLANG_WARN_CONSTANT_CONVERSION = YES;
				CLANG_WARN_DIRECT_OBJC_ISA_USAGE = YES_ERROR;
				CLANG_WARN_EMPTY_BODY = YES;
				CLANG_WARN_ENUM_CONVERSION = YES;
				CLANG_WARN_INT_CONVERSION = YES;
				CLANG_WARN_OBJC_ROOT_CLASS = YES_ERROR;
				CLANG_WARN_UNREACHABLE_CODE = YES;
				CLANG_WARN__DUPLICATE_METHOD_MATCH = YES;
				"CODE_SIGN_IDENTITY[sdk=iphoneos*]" = "iPhone Developer";
				COPY_PHASE_STRIP = NO;
				DEBUG_INFORMATION_FORMAT = dwarf;
				ENABLE_STRICT_OBJC_MSGSEND = YES;
				ENABLE_TESTABILITY = YES;
				GCC_C_LANGUAGE_STANDARD = gnu99;
				GCC_DYNAMIC_NO_PIC = NO;
				GCC_NO_COMMON_BLOCKS = YES;
				GCC_OPTIMIZATION_LEVEL = 0;
				GCC_PREPROCESSOR_DEFINITIONS = (
					"DEBUG=1",
					"$(inherited)",
				);
				GCC_WARN_64_TO_32_BIT_CONVERSION = YES;
				GCC_WARN_ABOUT_RETURN_TYPE = YES_ERROR;
				GCC_WARN_UNDECLARED_SELECTOR = YES;
				GCC_WARN_UNINITIALIZED_AUTOS = YES_AGGRESSIVE;
				GCC_WARN_UNUSED_FUNCTION = YES;
				GCC_WARN_UNUSED_VARIABLE = YES;
				IPHONEOS_DEPLOYMENT_TARGET = 9.3;
				MTL_ENABLE_DEBUG_INFO = YES;
				ONLY_ACTIVE_ARCH = YES;
				SDKROOT = iphoneos;
				SWIFT_OPTIMIZATION_LEVEL = "-Onone";
			};
			name = Debug;
		};
		6552DB591D4B3596001DB5BD /* Release */ = {
			isa = XCBuildConfiguration;
			buildSettings = {
				ALWAYS_SEARCH_USER_PATHS = NO;
				CLANG_ANALYZER_NONNULL = YES;
				CLANG_CXX_LANGUAGE_STANDARD = "gnu++0x";
				CLANG_CXX_LIBRARY = "libc++";
				CLANG_ENABLE_MODULES = YES;
				CLANG_ENABLE_OBJC_ARC = YES;
				CLANG_WARN_BOOL_CONVERSION = YES;
				CLANG_WARN_CONSTANT_CONVERSION = YES;
				CLANG_WARN_DIRECT_OBJC_ISA_USAGE = YES_ERROR;
				CLANG_WARN_EMPTY_BODY = YES;
				CLANG_WARN_ENUM_CONVERSION = YES;
				CLANG_WARN_INT_CONVERSION = YES;
				CLANG_WARN_OBJC_ROOT_CLASS = YES_ERROR;
				CLANG_WARN_UNREACHABLE_CODE = YES;
				CLANG_WARN__DUPLICATE_METHOD_MATCH = YES;
				"CODE_SIGN_IDENTITY[sdk=iphoneos*]" = "iPhone Developer";
				COPY_PHASE_STRIP = NO;
				DEBUG_INFORMATION_FORMAT = "dwarf-with-dsym";
				ENABLE_NS_ASSERTIONS = NO;
				ENABLE_STRICT_OBJC_MSGSEND = YES;
				GCC_C_LANGUAGE_STANDARD = gnu99;
				GCC_NO_COMMON_BLOCKS = YES;
				GCC_WARN_64_TO_32_BIT_CONVERSION = YES;
				GCC_WARN_ABOUT_RETURN_TYPE = YES_ERROR;
				GCC_WARN_UNDECLARED_SELECTOR = YES;
				GCC_WARN_UNINITIALIZED_AUTOS = YES_AGGRESSIVE;
				GCC_WARN_UNUSED_FUNCTION = YES;
				GCC_WARN_UNUSED_VARIABLE = YES;
				IPHONEOS_DEPLOYMENT_TARGET = 9.3;
				MTL_ENABLE_DEBUG_INFO = NO;
				SDKROOT = iphoneos;
				VALIDATE_PRODUCT = YES;
			};
			name = Release;
		};
		6552DB5B1D4B3596001DB5BD /* Debug */ = {
			isa = XCBuildConfiguration;
			buildSettings = {
				ASSETCATALOG_COMPILER_APPICON_NAME = AppIcon;
				DEVELOPMENT_TEAM = 8X2A38Q9VD;
				INFOPLIST_FILE = CoolPhotos/Info.plist;
				LD_RUNPATH_SEARCH_PATHS = "$(inherited) @executable_path/Frameworks";
				PRODUCT_BUNDLE_IDENTIFIER = cn.dyh.CoolPhotos;
				PRODUCT_NAME = "$(TARGET_NAME)";
				SWIFT_VERSION = 3.0;
			};
			name = Debug;
		};
		6552DB5C1D4B3596001DB5BD /* Release */ = {
			isa = XCBuildConfiguration;
			buildSettings = {
				ASSETCATALOG_COMPILER_APPICON_NAME = AppIcon;
				DEVELOPMENT_TEAM = 8X2A38Q9VD;
				INFOPLIST_FILE = CoolPhotos/Info.plist;
				LD_RUNPATH_SEARCH_PATHS = "$(inherited) @executable_path/Frameworks";
				PRODUCT_BUNDLE_IDENTIFIER = cn.dyh.CoolPhotos;
				PRODUCT_NAME = "$(TARGET_NAME)";
				SWIFT_VERSION = 3.0;
			};
			name = Release;
		};
		6552DB5E1D4B3596001DB5BD /* Debug */ = {
			isa = XCBuildConfiguration;
			buildSettings = {
				BUNDLE_LOADER = "$(TEST_HOST)";
				INFOPLIST_FILE = CoolPhotosTests/Info.plist;
				LD_RUNPATH_SEARCH_PATHS = "$(inherited) @executable_path/Frameworks @loader_path/Frameworks";
				PRODUCT_BUNDLE_IDENTIFIER = cn.dyh.CoolPhotosTests;
				PRODUCT_NAME = "$(TARGET_NAME)";
				SWIFT_VERSION = 3.0;
				TEST_HOST = "$(BUILT_PRODUCTS_DIR)/CoolPhotos.app/CoolPhotos";
			};
			name = Debug;
		};
		6552DB5F1D4B3596001DB5BD /* Release */ = {
			isa = XCBuildConfiguration;
			buildSettings = {
				BUNDLE_LOADER = "$(TEST_HOST)";
				INFOPLIST_FILE = CoolPhotosTests/Info.plist;
				LD_RUNPATH_SEARCH_PATHS = "$(inherited) @executable_path/Frameworks @loader_path/Frameworks";
				PRODUCT_BUNDLE_IDENTIFIER = cn.dyh.CoolPhotosTests;
				PRODUCT_NAME = "$(TARGET_NAME)";
				SWIFT_VERSION = 3.0;
				TEST_HOST = "$(BUILT_PRODUCTS_DIR)/CoolPhotos.app/CoolPhotos";
			};
			name = Release;
		};
		6552DB611D4B3596001DB5BD /* Debug */ = {
			isa = XCBuildConfiguration;
			buildSettings = {
				INFOPLIST_FILE = CoolPhotosUITests/Info.plist;
				LD_RUNPATH_SEARCH_PATHS = "$(inherited) @executable_path/Frameworks @loader_path/Frameworks";
				PRODUCT_BUNDLE_IDENTIFIER = cn.dyh.CoolPhotosUITests;
				PRODUCT_NAME = "$(TARGET_NAME)";
				SWIFT_VERSION = 3.0;
				TEST_TARGET_NAME = CoolPhotos;
			};
			name = Debug;
		};
		6552DB621D4B3596001DB5BD /* Release */ = {
			isa = XCBuildConfiguration;
			buildSettings = {
				INFOPLIST_FILE = CoolPhotosUITests/Info.plist;
				LD_RUNPATH_SEARCH_PATHS = "$(inherited) @executable_path/Frameworks @loader_path/Frameworks";
				PRODUCT_BUNDLE_IDENTIFIER = cn.dyh.CoolPhotosUITests;
				PRODUCT_NAME = "$(TARGET_NAME)";
				SWIFT_VERSION = 3.0;
				TEST_TARGET_NAME = CoolPhotos;
			};
			name = Release;
		};
/* End XCBuildConfiguration section */

/* Begin XCConfigurationList section */
		6552DB2D1D4B3596001DB5BD /* Build configuration list for PBXProject "CoolPhotos" */ = {
			isa = XCConfigurationList;
			buildConfigurations = (
				6552DB581D4B3596001DB5BD /* Debug */,
				6552DB591D4B3596001DB5BD /* Release */,
			);
			defaultConfigurationIsVisible = 0;
			defaultConfigurationName = Release;
		};
		6552DB5A1D4B3596001DB5BD /* Build configuration list for PBXNativeTarget "CoolPhotos" */ = {
			isa = XCConfigurationList;
			buildConfigurations = (
				6552DB5B1D4B3596001DB5BD /* Debug */,
				6552DB5C1D4B3596001DB5BD /* Release */,
			);
			defaultConfigurationIsVisible = 0;
			defaultConfigurationName = Release;
		};
		6552DB5D1D4B3596001DB5BD /* Build configuration list for PBXNativeTarget "CoolPhotosTests" */ = {
			isa = XCConfigurationList;
			buildConfigurations = (
				6552DB5E1D4B3596001DB5BD /* Debug */,
				6552DB5F1D4B3596001DB5BD /* Release */,
			);
			defaultConfigurationIsVisible = 0;
			defaultConfigurationName = Release;
		};
		6552DB601D4B3596001DB5BD /* Build configuration list for PBXNativeTarget "CoolPhotosUITests" */ = {
			isa = XCConfigurationList;
			buildConfigurations = (
				6552DB611D4B3596001DB5BD /* Debug */,
				6552DB621D4B3596001DB5BD /* Release */,
			);
			defaultConfigurationIsVisible = 0;
			defaultConfigurationName = Release;
		};
/* End XCConfigurationList section */
	};
	rootObject = 6552DB2A1D4B3596001DB5BD /* Project object */;
}
